// !$*UTF8*$!
{
	archiveVersion = 1;
	classes = {
	};
	objectVersion = 46;
	objects = {

/* Begin PBXBuildFile section */
		D93087EC143567BA00EFC33F /* UIKit.framework in Frameworks */ = {isa = PBXBuildFile; fileRef = D93087EB143567BA00EFC33F /* UIKit.framework */; };
		D93087EE143567BA00EFC33F /* Foundation.framework in Frameworks */ = {isa = PBXBuildFile; fileRef = D93087ED143567BA00EFC33F /* Foundation.framework */; };
		D93087F0143567BA00EFC33F /* CoreGraphics.framework in Frameworks */ = {isa = PBXBuildFile; fileRef = D93087EF143567BA00EFC33F /* CoreGraphics.framework */; };
		D93087F6143567BA00EFC33F /* InfoPlist.strings in Resources */ = {isa = PBXBuildFile; fileRef = D93087F4143567BA00EFC33F /* InfoPlist.strings */; };
		D93087F8143567BA00EFC33F /* main.m in Sources */ = {isa = PBXBuildFile; fileRef = D93087F7143567BA00EFC33F /* main.m */; };
		D93087FC143567BA00EFC33F /* MTAppDelegate.m in Sources */ = {isa = PBXBuildFile; fileRef = D93087FB143567BA00EFC33F /* MTAppDelegate.m */; };
		D9308808143569B600EFC33F /* APIUtil.m in Sources */ = {isa = PBXBuildFile; fileRef = D9308807143569B600EFC33F /* APIUtil.m */; };
		D930881114356D3000EFC33F /* MTDevice.m in Sources */ = {isa = PBXBuildFile; fileRef = D930881014356D3000EFC33F /* MTDevice.m */; };
		D930881414356F5000EFC33F /* MTTrip.m in Sources */ = {isa = PBXBuildFile; fileRef = D930881314356F5000EFC33F /* MTTrip.m */; };
		D93088211435703C00EFC33F /* MTAPIObject.m in Sources */ = {isa = PBXBuildFile; fileRef = D93088201435703C00EFC33F /* MTAPIObject.m */; };
		D9308840143571AD00EFC33F /* ASIAuthenticationDialog.m in Sources */ = {isa = PBXBuildFile; fileRef = D9308824143571AD00EFC33F /* ASIAuthenticationDialog.m */; };
		D9308841143571AD00EFC33F /* ASIDataCompressor.m in Sources */ = {isa = PBXBuildFile; fileRef = D9308827143571AD00EFC33F /* ASIDataCompressor.m */; };
		D9308842143571AD00EFC33F /* ASIDataDecompressor.m in Sources */ = {isa = PBXBuildFile; fileRef = D9308829143571AD00EFC33F /* ASIDataDecompressor.m */; };
		D9308843143571AD00EFC33F /* ASIDownloadCache.m in Sources */ = {isa = PBXBuildFile; fileRef = D930882B143571AD00EFC33F /* ASIDownloadCache.m */; };
		D9308844143571AD00EFC33F /* ASIFormDataRequest.m in Sources */ = {isa = PBXBuildFile; fileRef = D930882D143571AD00EFC33F /* ASIFormDataRequest.m */; };
		D9308845143571AD00EFC33F /* ASIHTTPRequest.m in Sources */ = {isa = PBXBuildFile; fileRef = D930882F143571AD00EFC33F /* ASIHTTPRequest.m */; };
		D9308846143571AD00EFC33F /* ASIInputStream.m in Sources */ = {isa = PBXBuildFile; fileRef = D9308833143571AD00EFC33F /* ASIInputStream.m */; };
		D9308847143571AD00EFC33F /* ASINetworkQueue.m in Sources */ = {isa = PBXBuildFile; fileRef = D9308835143571AD00EFC33F /* ASINetworkQueue.m */; };
		D9308848143571AD00EFC33F /* Reachability.m in Sources */ = {isa = PBXBuildFile; fileRef = D9308839143571AD00EFC33F /* Reachability.m */; };
		D9308849143571AD00EFC33F /* JSONKit.m in Sources */ = {isa = PBXBuildFile; fileRef = D930883C143571AD00EFC33F /* JSONKit.m */; };
		D930884A143571AD00EFC33F /* MBProgressHUD.m in Sources */ = {isa = PBXBuildFile; fileRef = D930883F143571AD00EFC33F /* MBProgressHUD.m */; };
		D93088521435893A00EFC33F /* MTLocation.m in Sources */ = {isa = PBXBuildFile; fileRef = D93088511435893A00EFC33F /* MTLocation.m */; };
		D9308856143593FC00EFC33F /* MTAccountController.m in Sources */ = {isa = PBXBuildFile; fileRef = D9308854143593FB00EFC33F /* MTAccountController.m */; };
		D9308857143593FC00EFC33F /* MTAccountController.xib in Resources */ = {isa = PBXBuildFile; fileRef = D9308855143593FC00EFC33F /* MTAccountController.xib */; };
		D930885F1435955100EFC33F /* MTLocationTrackerController.m in Sources */ = {isa = PBXBuildFile; fileRef = D930885D1435954F00EFC33F /* MTLocationTrackerController.m */; };
		D93088601435955100EFC33F /* MTLocationTrackerController.xib in Resources */ = {isa = PBXBuildFile; fileRef = D930885E1435955000EFC33F /* MTLocationTrackerController.xib */; };
		D93088621435961E00EFC33F /* CFNetwork.framework in Frameworks */ = {isa = PBXBuildFile; fileRef = D93088611435961E00EFC33F /* CFNetwork.framework */; };
		D93088641435962500EFC33F /* libz.dylib in Frameworks */ = {isa = PBXBuildFile; fileRef = D93088631435962500EFC33F /* libz.dylib */; };
		D93088661435964100EFC33F /* SystemConfiguration.framework in Frameworks */ = {isa = PBXBuildFile; fileRef = D93088651435964100EFC33F /* SystemConfiguration.framework */; };
		D93088681435964700EFC33F /* CoreLocation.framework in Frameworks */ = {isa = PBXBuildFile; fileRef = D93088671435964600EFC33F /* CoreLocation.framework */; };
		D930886A1435965600EFC33F /* MobileCoreServices.framework in Frameworks */ = {isa = PBXBuildFile; fileRef = D93088691435965600EFC33F /* MobileCoreServices.framework */; };
		D930886E1435980A00EFC33F /* MTDeviceViewController.m in Sources */ = {isa = PBXBuildFile; fileRef = D930886C1435980900EFC33F /* MTDeviceViewController.m */; };
		D930886F1435980A00EFC33F /* MTDeviceViewController.xib in Resources */ = {isa = PBXBuildFile; fileRef = D930886D1435980A00EFC33F /* MTDeviceViewController.xib */; };
		D98D6D6314363F2A00B3B849 /* MTDeviceDetailViewController.m in Sources */ = {isa = PBXBuildFile; fileRef = D98D6D6114363F2A00B3B849 /* MTDeviceDetailViewController.m */; };
		D98D6D6414363F2A00B3B849 /* MTDeviceDetailViewController.xib in Resources */ = {isa = PBXBuildFile; fileRef = D98D6D6214363F2A00B3B849 /* MTDeviceDetailViewController.xib */; };
		D98D6D681436430A00B3B849 /* MTObjectStore.m in Sources */ = {isa = PBXBuildFile; fileRef = D98D6D671436430A00B3B849 /* MTObjectStore.m */; };
/* End PBXBuildFile section */

/* Begin PBXFileReference section */
		D93087E7143567BA00EFC33F /* mobilemileagetracker.app */ = {isa = PBXFileReference; explicitFileType = wrapper.application; includeInIndex = 0; path = mobilemileagetracker.app; sourceTree = BUILT_PRODUCTS_DIR; };
		D93087EB143567BA00EFC33F /* UIKit.framework */ = {isa = PBXFileReference; lastKnownFileType = wrapper.framework; name = UIKit.framework; path = System/Library/Frameworks/UIKit.framework; sourceTree = SDKROOT; };
		D93087ED143567BA00EFC33F /* Foundation.framework */ = {isa = PBXFileReference; lastKnownFileType = wrapper.framework; name = Foundation.framework; path = System/Library/Frameworks/Foundation.framework; sourceTree = SDKROOT; };
		D93087EF143567BA00EFC33F /* CoreGraphics.framework */ = {isa = PBXFileReference; lastKnownFileType = wrapper.framework; name = CoreGraphics.framework; path = System/Library/Frameworks/CoreGraphics.framework; sourceTree = SDKROOT; };
		D93087F3143567BA00EFC33F /* mobilemileagetracker-Info.plist */ = {isa = PBXFileReference; lastKnownFileType = text.plist.xml; path = "mobilemileagetracker-Info.plist"; sourceTree = "<group>"; };
		D93087F5143567BA00EFC33F /* en */ = {isa = PBXFileReference; lastKnownFileType = text.plist.strings; name = en; path = en.lproj/InfoPlist.strings; sourceTree = "<group>"; };
		D93087F7143567BA00EFC33F /* main.m */ = {isa = PBXFileReference; lastKnownFileType = sourcecode.c.objc; path = main.m; sourceTree = "<group>"; };
		D93087F9143567BA00EFC33F /* mobilemileagetracker-Prefix.pch */ = {isa = PBXFileReference; lastKnownFileType = sourcecode.c.h; path = "mobilemileagetracker-Prefix.pch"; sourceTree = "<group>"; };
		D93087FA143567BA00EFC33F /* MTAppDelegate.h */ = {isa = PBXFileReference; lastKnownFileType = sourcecode.c.h; path = MTAppDelegate.h; sourceTree = "<group>"; };
		D93087FB143567BA00EFC33F /* MTAppDelegate.m */ = {isa = PBXFileReference; lastKnownFileType = sourcecode.c.objc; path = MTAppDelegate.m; sourceTree = "<group>"; };
		D9308806143569B600EFC33F /* APIUtil.h */ = {isa = PBXFileReference; fileEncoding = 4; lastKnownFileType = sourcecode.c.h; path = APIUtil.h; sourceTree = "<group>"; };
		D9308807143569B600EFC33F /* APIUtil.m */ = {isa = PBXFileReference; fileEncoding = 4; lastKnownFileType = sourcecode.c.objc; path = APIUtil.m; sourceTree = "<group>"; };
		D930880E14356C1A00EFC33F /* MTAPIObjectProtocol.h */ = {isa = PBXFileReference; fileEncoding = 4; lastKnownFileType = sourcecode.c.h; path = MTAPIObjectProtocol.h; sourceTree = "<group>"; };
		D930880F14356D3000EFC33F /* MTDevice.h */ = {isa = PBXFileReference; fileEncoding = 4; lastKnownFileType = sourcecode.c.h; path = MTDevice.h; sourceTree = "<group>"; };
		D930881014356D3000EFC33F /* MTDevice.m */ = {isa = PBXFileReference; fileEncoding = 4; lastKnownFileType = sourcecode.c.objc; path = MTDevice.m; sourceTree = "<group>"; };
		D930881214356F4F00EFC33F /* MTTrip.h */ = {isa = PBXFileReference; fileEncoding = 4; lastKnownFileType = sourcecode.c.h; path = MTTrip.h; sourceTree = "<group>"; };
		D930881314356F5000EFC33F /* MTTrip.m */ = {isa = PBXFileReference; fileEncoding = 4; lastKnownFileType = sourcecode.c.objc; path = MTTrip.m; sourceTree = "<group>"; };
		D930881F1435703B00EFC33F /* MTAPIObject.h */ = {isa = PBXFileReference; fileEncoding = 4; lastKnownFileType = sourcecode.c.h; path = MTAPIObject.h; sourceTree = "<group>"; };
		D93088201435703C00EFC33F /* MTAPIObject.m */ = {isa = PBXFileReference; fileEncoding = 4; lastKnownFileType = sourcecode.c.objc; path = MTAPIObject.m; sourceTree = "<group>"; };
		D9308823143571AD00EFC33F /* ASIAuthenticationDialog.h */ = {isa = PBXFileReference; fileEncoding = 4; lastKnownFileType = sourcecode.c.h; path = ASIAuthenticationDialog.h; sourceTree = "<group>"; };
		D9308824143571AD00EFC33F /* ASIAuthenticationDialog.m */ = {isa = PBXFileReference; fileEncoding = 4; lastKnownFileType = sourcecode.c.objc; path = ASIAuthenticationDialog.m; sourceTree = "<group>"; };
		D9308825143571AD00EFC33F /* ASICacheDelegate.h */ = {isa = PBXFileReference; fileEncoding = 4; lastKnownFileType = sourcecode.c.h; path = ASICacheDelegate.h; sourceTree = "<group>"; };
		D9308826143571AD00EFC33F /* ASIDataCompressor.h */ = {isa = PBXFileReference; fileEncoding = 4; lastKnownFileType = sourcecode.c.h; path = ASIDataCompressor.h; sourceTree = "<group>"; };
		D9308827143571AD00EFC33F /* ASIDataCompressor.m */ = {isa = PBXFileReference; fileEncoding = 4; lastKnownFileType = sourcecode.c.objc; path = ASIDataCompressor.m; sourceTree = "<group>"; };
		D9308828143571AD00EFC33F /* ASIDataDecompressor.h */ = {isa = PBXFileReference; fileEncoding = 4; lastKnownFileType = sourcecode.c.h; path = ASIDataDecompressor.h; sourceTree = "<group>"; };
		D9308829143571AD00EFC33F /* ASIDataDecompressor.m */ = {isa = PBXFileReference; fileEncoding = 4; lastKnownFileType = sourcecode.c.objc; path = ASIDataDecompressor.m; sourceTree = "<group>"; };
		D930882A143571AD00EFC33F /* ASIDownloadCache.h */ = {isa = PBXFileReference; fileEncoding = 4; lastKnownFileType = sourcecode.c.h; path = ASIDownloadCache.h; sourceTree = "<group>"; };
		D930882B143571AD00EFC33F /* ASIDownloadCache.m */ = {isa = PBXFileReference; fileEncoding = 4; lastKnownFileType = sourcecode.c.objc; path = ASIDownloadCache.m; sourceTree = "<group>"; };
		D930882C143571AD00EFC33F /* ASIFormDataRequest.h */ = {isa = PBXFileReference; fileEncoding = 4; lastKnownFileType = sourcecode.c.h; path = ASIFormDataRequest.h; sourceTree = "<group>"; };
		D930882D143571AD00EFC33F /* ASIFormDataRequest.m */ = {isa = PBXFileReference; fileEncoding = 4; lastKnownFileType = sourcecode.c.objc; path = ASIFormDataRequest.m; sourceTree = "<group>"; };
		D930882E143571AD00EFC33F /* ASIHTTPRequest.h */ = {isa = PBXFileReference; fileEncoding = 4; lastKnownFileType = sourcecode.c.h; path = ASIHTTPRequest.h; sourceTree = "<group>"; };
		D930882F143571AD00EFC33F /* ASIHTTPRequest.m */ = {isa = PBXFileReference; fileEncoding = 4; lastKnownFileType = sourcecode.c.objc; path = ASIHTTPRequest.m; sourceTree = "<group>"; };
		D9308830143571AD00EFC33F /* ASIHTTPRequestConfig.h */ = {isa = PBXFileReference; fileEncoding = 4; lastKnownFileType = sourcecode.c.h; path = ASIHTTPRequestConfig.h; sourceTree = "<group>"; };
		D9308831143571AD00EFC33F /* ASIHTTPRequestDelegate.h */ = {isa = PBXFileReference; fileEncoding = 4; lastKnownFileType = sourcecode.c.h; path = ASIHTTPRequestDelegate.h; sourceTree = "<group>"; };
		D9308832143571AD00EFC33F /* ASIInputStream.h */ = {isa = PBXFileReference; fileEncoding = 4; lastKnownFileType = sourcecode.c.h; path = ASIInputStream.h; sourceTree = "<group>"; };
		D9308833143571AD00EFC33F /* ASIInputStream.m */ = {isa = PBXFileReference; fileEncoding = 4; lastKnownFileType = sourcecode.c.objc; path = ASIInputStream.m; sourceTree = "<group>"; };
		D9308834143571AD00EFC33F /* ASINetworkQueue.h */ = {isa = PBXFileReference; fileEncoding = 4; lastKnownFileType = sourcecode.c.h; path = ASINetworkQueue.h; sourceTree = "<group>"; };
		D9308835143571AD00EFC33F /* ASINetworkQueue.m */ = {isa = PBXFileReference; fileEncoding = 4; lastKnownFileType = sourcecode.c.objc; path = ASINetworkQueue.m; sourceTree = "<group>"; };
		D9308836143571AD00EFC33F /* ASIProgressDelegate.h */ = {isa = PBXFileReference; fileEncoding = 4; lastKnownFileType = sourcecode.c.h; path = ASIProgressDelegate.h; sourceTree = "<group>"; };
		D9308838143571AD00EFC33F /* Reachability.h */ = {isa = PBXFileReference; fileEncoding = 4; lastKnownFileType = sourcecode.c.h; path = Reachability.h; sourceTree = "<group>"; };
		D9308839143571AD00EFC33F /* Reachability.m */ = {isa = PBXFileReference; fileEncoding = 4; lastKnownFileType = sourcecode.c.objc; path = Reachability.m; sourceTree = "<group>"; };
		D930883B143571AD00EFC33F /* JSONKit.h */ = {isa = PBXFileReference; fileEncoding = 4; lastKnownFileType = sourcecode.c.h; path = JSONKit.h; sourceTree = "<group>"; };
		D930883C143571AD00EFC33F /* JSONKit.m */ = {isa = PBXFileReference; fileEncoding = 4; lastKnownFileType = sourcecode.c.objc; path = JSONKit.m; sourceTree = "<group>"; };
		D930883E143571AD00EFC33F /* MBProgressHUD.h */ = {isa = PBXFileReference; fileEncoding = 4; lastKnownFileType = sourcecode.c.h; path = MBProgressHUD.h; sourceTree = "<group>"; };
		D930883F143571AD00EFC33F /* MBProgressHUD.m */ = {isa = PBXFileReference; fileEncoding = 4; lastKnownFileType = sourcecode.c.objc; path = MBProgressHUD.m; sourceTree = "<group>"; };
		D93088501435893A00EFC33F /* MTLocation.h */ = {isa = PBXFileReference; fileEncoding = 4; lastKnownFileType = sourcecode.c.h; path = MTLocation.h; sourceTree = "<group>"; };
		D93088511435893A00EFC33F /* MTLocation.m */ = {isa = PBXFileReference; fileEncoding = 4; lastKnownFileType = sourcecode.c.objc; path = MTLocation.m; sourceTree = "<group>"; };
		D9308853143593FB00EFC33F /* MTAccountController.h */ = {isa = PBXFileReference; fileEncoding = 4; lastKnownFileType = sourcecode.c.h; path = MTAccountController.h; sourceTree = "<group>"; };
		D9308854143593FB00EFC33F /* MTAccountController.m */ = {isa = PBXFileReference; fileEncoding = 4; lastKnownFileType = sourcecode.c.objc; path = MTAccountController.m; sourceTree = "<group>"; };
		D9308855143593FC00EFC33F /* MTAccountController.xib */ = {isa = PBXFileReference; fileEncoding = 4; lastKnownFileType = file.xib; path = MTAccountController.xib; sourceTree = "<group>"; };
		D930885C1435954F00EFC33F /* MTLocationTrackerController.h */ = {isa = PBXFileReference; fileEncoding = 4; lastKnownFileType = sourcecode.c.h; path = MTLocationTrackerController.h; sourceTree = "<group>"; };
		D930885D1435954F00EFC33F /* MTLocationTrackerController.m */ = {isa = PBXFileReference; fileEncoding = 4; lastKnownFileType = sourcecode.c.objc; path = MTLocationTrackerController.m; sourceTree = "<group>"; };
		D930885E1435955000EFC33F /* MTLocationTrackerController.xib */ = {isa = PBXFileReference; fileEncoding = 4; lastKnownFileType = file.xib; path = MTLocationTrackerController.xib; sourceTree = "<group>"; };
		D93088611435961E00EFC33F /* CFNetwork.framework */ = {isa = PBXFileReference; lastKnownFileType = wrapper.framework; name = CFNetwork.framework; path = System/Library/Frameworks/CFNetwork.framework; sourceTree = SDKROOT; };
		D93088631435962500EFC33F /* libz.dylib */ = {isa = PBXFileReference; lastKnownFileType = "compiled.mach-o.dylib"; name = libz.dylib; path = usr/lib/libz.dylib; sourceTree = SDKROOT; };
		D93088651435964100EFC33F /* SystemConfiguration.framework */ = {isa = PBXFileReference; lastKnownFileType = wrapper.framework; name = SystemConfiguration.framework; path = System/Library/Frameworks/SystemConfiguration.framework; sourceTree = SDKROOT; };
		D93088671435964600EFC33F /* CoreLocation.framework */ = {isa = PBXFileReference; lastKnownFileType = wrapper.framework; name = CoreLocation.framework; path = System/Library/Frameworks/CoreLocation.framework; sourceTree = SDKROOT; };
		D93088691435965600EFC33F /* MobileCoreServices.framework */ = {isa = PBXFileReference; lastKnownFileType = wrapper.framework; name = MobileCoreServices.framework; path = System/Library/Frameworks/MobileCoreServices.framework; sourceTree = SDKROOT; };
		D930886B1435980900EFC33F /* MTDeviceViewController.h */ = {isa = PBXFileReference; fileEncoding = 4; lastKnownFileType = sourcecode.c.h; path = MTDeviceViewController.h; sourceTree = "<group>"; };
		D930886C1435980900EFC33F /* MTDeviceViewController.m */ = {isa = PBXFileReference; fileEncoding = 4; lastKnownFileType = sourcecode.c.objc; path = MTDeviceViewController.m; sourceTree = "<group>"; };
		D930886D1435980A00EFC33F /* MTDeviceViewController.xib */ = {isa = PBXFileReference; fileEncoding = 4; lastKnownFileType = file.xib; path = MTDeviceViewController.xib; sourceTree = "<group>"; };
		D98D6D6014363F2A00B3B849 /* MTDeviceDetailViewController.h */ = {isa = PBXFileReference; fileEncoding = 4; lastKnownFileType = sourcecode.c.h; path = MTDeviceDetailViewController.h; sourceTree = "<group>"; };
		D98D6D6114363F2A00B3B849 /* MTDeviceDetailViewController.m */ = {isa = PBXFileReference; fileEncoding = 4; lastKnownFileType = sourcecode.c.objc; path = MTDeviceDetailViewController.m; sourceTree = "<group>"; };
		D98D6D6214363F2A00B3B849 /* MTDeviceDetailViewController.xib */ = {isa = PBXFileReference; fileEncoding = 4; lastKnownFileType = file.xib; path = MTDeviceDetailViewController.xib; sourceTree = "<group>"; };
		D98D6D661436430A00B3B849 /* MTObjectStore.h */ = {isa = PBXFileReference; fileEncoding = 4; lastKnownFileType = sourcecode.c.h; path = MTObjectStore.h; sourceTree = "<group>"; };
		D98D6D671436430A00B3B849 /* MTObjectStore.m */ = {isa = PBXFileReference; fileEncoding = 4; lastKnownFileType = sourcecode.c.objc; path = MTObjectStore.m; sourceTree = "<group>"; };
/* End PBXFileReference section */

/* Begin PBXFrameworksBuildPhase section */
		D93087E4143567BA00EFC33F /* Frameworks */ = {
			isa = PBXFrameworksBuildPhase;
			buildActionMask = 2147483647;
			files = (
				D930886A1435965600EFC33F /* MobileCoreServices.framework in Frameworks */,
				D93088681435964700EFC33F /* CoreLocation.framework in Frameworks */,
				D93088661435964100EFC33F /* SystemConfiguration.framework in Frameworks */,
				D93088641435962500EFC33F /* libz.dylib in Frameworks */,
				D93088621435961E00EFC33F /* CFNetwork.framework in Frameworks */,
				D93087EC143567BA00EFC33F /* UIKit.framework in Frameworks */,
				D93087EE143567BA00EFC33F /* Foundation.framework in Frameworks */,
				D93087F0143567BA00EFC33F /* CoreGraphics.framework in Frameworks */,
			);
			runOnlyForDeploymentPostprocessing = 0;
		};
/* End PBXFrameworksBuildPhase section */

/* Begin PBXGroup section */
		D93087DC143567BA00EFC33F = {
			isa = PBXGroup;
			children = (
				D93087F1143567BA00EFC33F /* mobilemileagetracker */,
				D930884B143571B300EFC33F /* 3rd Party Frameworks */,
				D93087EA143567BA00EFC33F /* Frameworks */,
				D93087E8143567BA00EFC33F /* Products */,
			);
			sourceTree = "<group>";
		};
		D93087E8143567BA00EFC33F /* Products */ = {
			isa = PBXGroup;
			children = (
				D93087E7143567BA00EFC33F /* mobilemileagetracker.app */,
			);
			name = Products;
			sourceTree = "<group>";
		};
		D93087EA143567BA00EFC33F /* Frameworks */ = {
			isa = PBXGroup;
			children = (
				D93088691435965600EFC33F /* MobileCoreServices.framework */,
				D93088671435964600EFC33F /* CoreLocation.framework */,
				D93088651435964100EFC33F /* SystemConfiguration.framework */,
				D93088631435962500EFC33F /* libz.dylib */,
				D93088611435961E00EFC33F /* CFNetwork.framework */,
				D93087EB143567BA00EFC33F /* UIKit.framework */,
				D93087ED143567BA00EFC33F /* Foundation.framework */,
				D93087EF143567BA00EFC33F /* CoreGraphics.framework */,
			);
			name = Frameworks;
			sourceTree = "<group>";
		};
		D93087F1143567BA00EFC33F /* mobilemileagetracker */ = {
			isa = PBXGroup;
			children = (
				D930880A143569BD00EFC33F /* API */,
				D93087FA143567BA00EFC33F /* MTAppDelegate.h */,
				D93087FB143567BA00EFC33F /* MTAppDelegate.m */,
				D98D6D6014363F2A00B3B849 /* MTDeviceDetailViewController.h */,
				D98D6D6114363F2A00B3B849 /* MTDeviceDetailViewController.m */,
				D98D6D6214363F2A00B3B849 /* MTDeviceDetailViewController.xib */,
				D930885C1435954F00EFC33F /* MTLocationTrackerController.h */,
				D930885D1435954F00EFC33F /* MTLocationTrackerController.m */,
				D930885E1435955000EFC33F /* MTLocationTrackerController.xib */,
				D9308853143593FB00EFC33F /* MTAccountController.h */,
				D9308854143593FB00EFC33F /* MTAccountController.m */,
				D9308855143593FC00EFC33F /* MTAccountController.xib */,
				D930886B1435980900EFC33F /* MTDeviceViewController.h */,
				D930886C1435980900EFC33F /* MTDeviceViewController.m */,
				D930886D1435980A00EFC33F /* MTDeviceViewController.xib */,
				D93087F2143567BA00EFC33F /* Supporting Files */,
			);
			path = mobilemileagetracker;
			sourceTree = "<group>";
		};
		D93087F2143567BA00EFC33F /* Supporting Files */ = {
			isa = PBXGroup;
			children = (
				D93087F3143567BA00EFC33F /* mobilemileagetracker-Info.plist */,
				D93087F4143567BA00EFC33F /* InfoPlist.strings */,
				D93087F7143567BA00EFC33F /* main.m */,
				D93087F9143567BA00EFC33F /* mobilemileagetracker-Prefix.pch */,
			);
			name = "Supporting Files";
			sourceTree = "<group>";
		};
		D930880A143569BD00EFC33F /* API */ = {
			isa = PBXGroup;
			children = (
				D98D6D661436430A00B3B849 /* MTObjectStore.h */,
				D98D6D671436430A00B3B849 /* MTObjectStore.m */,
				D930880E14356C1A00EFC33F /* MTAPIObjectProtocol.h */,
				D930881F1435703B00EFC33F /* MTAPIObject.h */,
				D93088201435703C00EFC33F /* MTAPIObject.m */,
				D93088501435893A00EFC33F /* MTLocation.h */,
				D93088511435893A00EFC33F /* MTLocation.m */,
				D930881214356F4F00EFC33F /* MTTrip.h */,
				D930881314356F5000EFC33F /* MTTrip.m */,
				D930880F14356D3000EFC33F /* MTDevice.h */,
				D930881014356D3000EFC33F /* MTDevice.m */,
				D9308806143569B600EFC33F /* APIUtil.h */,
				D9308807143569B600EFC33F /* APIUtil.m */,
			);
			name = API;
			sourceTree = "<group>";
		};
		D9308822143571AD00EFC33F /* ASIHTTPRequest */ = {
			isa = PBXGroup;
			children = (
				D9308823143571AD00EFC33F /* ASIAuthenticationDialog.h */,
				D9308824143571AD00EFC33F /* ASIAuthenticationDialog.m */,
				D9308825143571AD00EFC33F /* ASICacheDelegate.h */,
				D9308826143571AD00EFC33F /* ASIDataCompressor.h */,
				D9308827143571AD00EFC33F /* ASIDataCompressor.m */,
				D9308828143571AD00EFC33F /* ASIDataDecompressor.h */,
				D9308829143571AD00EFC33F /* ASIDataDecompressor.m */,
				D930882A143571AD00EFC33F /* ASIDownloadCache.h */,
				D930882B143571AD00EFC33F /* ASIDownloadCache.m */,
				D930882C143571AD00EFC33F /* ASIFormDataRequest.h */,
				D930882D143571AD00EFC33F /* ASIFormDataRequest.m */,
				D930882E143571AD00EFC33F /* ASIHTTPRequest.h */,
				D930882F143571AD00EFC33F /* ASIHTTPRequest.m */,
				D9308830143571AD00EFC33F /* ASIHTTPRequestConfig.h */,
				D9308831143571AD00EFC33F /* ASIHTTPRequestDelegate.h */,
				D9308832143571AD00EFC33F /* ASIInputStream.h */,
				D9308833143571AD00EFC33F /* ASIInputStream.m */,
				D9308834143571AD00EFC33F /* ASINetworkQueue.h */,
				D9308835143571AD00EFC33F /* ASINetworkQueue.m */,
				D9308836143571AD00EFC33F /* ASIProgressDelegate.h */,
				D9308837143571AD00EFC33F /* Reachability */,
			);
			path = ASIHTTPRequest;
			sourceTree = "<group>";
		};
		D9308837143571AD00EFC33F /* Reachability */ = {
			isa = PBXGroup;
			children = (
				D9308838143571AD00EFC33F /* Reachability.h */,
				D9308839143571AD00EFC33F /* Reachability.m */,
			);
			path = Reachability;
			sourceTree = "<group>";
		};
		D930883A143571AD00EFC33F /* JSONKit */ = {
			isa = PBXGroup;
			children = (
				D930883B143571AD00EFC33F /* JSONKit.h */,
				D930883C143571AD00EFC33F /* JSONKit.m */,
			);
			path = JSONKit;
			sourceTree = "<group>";
		};
		D930883D143571AD00EFC33F /* MBProgressHUD */ = {
			isa = PBXGroup;
			children = (
				D930883E143571AD00EFC33F /* MBProgressHUD.h */,
				D930883F143571AD00EFC33F /* MBProgressHUD.m */,
			);
			path = MBProgressHUD;
			sourceTree = "<group>";
		};
		D930884B143571B300EFC33F /* 3rd Party Frameworks */ = {
			isa = PBXGroup;
			children = (
				D9308822143571AD00EFC33F /* ASIHTTPRequest */,
				D930883A143571AD00EFC33F /* JSONKit */,
				D930883D143571AD00EFC33F /* MBProgressHUD */,
			);
			name = "3rd Party Frameworks";
			sourceTree = "<group>";
		};
/* End PBXGroup section */

/* Begin PBXNativeTarget section */
		D93087E6143567BA00EFC33F /* mobilemileagetracker */ = {
			isa = PBXNativeTarget;
			buildConfigurationList = D93087FF143567BA00EFC33F /* Build configuration list for PBXNativeTarget "mobilemileagetracker" */;
			buildPhases = (
				D93087E3143567BA00EFC33F /* Sources */,
				D93087E4143567BA00EFC33F /* Frameworks */,
				D93087E5143567BA00EFC33F /* Resources */,
			);
			buildRules = (
			);
			dependencies = (
			);
			name = mobilemileagetracker;
			productName = mobilemileagetracker;
			productReference = D93087E7143567BA00EFC33F /* mobilemileagetracker.app */;
			productType = "com.apple.product-type.application";
		};
/* End PBXNativeTarget section */

/* Begin PBXProject section */
		D93087DE143567BA00EFC33F /* Project object */ = {
			isa = PBXProject;
			attributes = {
				LastUpgradeCheck = 0420;
			};
			buildConfigurationList = D93087E1143567BA00EFC33F /* Build configuration list for PBXProject "mobilemileagetracker" */;
			compatibilityVersion = "Xcode 3.2";
			developmentRegion = English;
			hasScannedForEncodings = 0;
			knownRegions = (
				en,
			);
			mainGroup = D93087DC143567BA00EFC33F;
			productRefGroup = D93087E8143567BA00EFC33F /* Products */;
			projectDirPath = "";
			projectRoot = "";
			targets = (
				D93087E6143567BA00EFC33F /* mobilemileagetracker */,
			);
		};
/* End PBXProject section */

/* Begin PBXResourcesBuildPhase section */
		D93087E5143567BA00EFC33F /* Resources */ = {
			isa = PBXResourcesBuildPhase;
			buildActionMask = 2147483647;
			files = (
				D93087F6143567BA00EFC33F /* InfoPlist.strings in Resources */,
				D9308857143593FC00EFC33F /* MTAccountController.xib in Resources */,
				D93088601435955100EFC33F /* MTLocationTrackerController.xib in Resources */,
				D930886F1435980A00EFC33F /* MTDeviceViewController.xib in Resources */,
				D98D6D6414363F2A00B3B849 /* MTDeviceDetailViewController.xib in Resources */,
			);
			runOnlyForDeploymentPostprocessing = 0;
		};
/* End PBXResourcesBuildPhase section */

/* Begin PBXSourcesBuildPhase section */
		D93087E3143567BA00EFC33F /* Sources */ = {
			isa = PBXSourcesBuildPhase;
			buildActionMask = 2147483647;
			files = (
				D93087F8143567BA00EFC33F /* main.m in Sources */,
				D93087FC143567BA00EFC33F /* MTAppDelegate.m in Sources */,
				D9308808143569B600EFC33F /* APIUtil.m in Sources */,
				D930881114356D3000EFC33F /* MTDevice.m in Sources */,
				D930881414356F5000EFC33F /* MTTrip.m in Sources */,
				D93088211435703C00EFC33F /* MTAPIObject.m in Sources */,
				D9308840143571AD00EFC33F /* ASIAuthenticationDialog.m in Sources */,
				D9308841143571AD00EFC33F /* ASIDataCompressor.m in Sources */,
				D9308842143571AD00EFC33F /* ASIDataDecompressor.m in Sources */,
				D9308843143571AD00EFC33F /* ASIDownloadCache.m in Sources */,
				D9308844143571AD00EFC33F /* ASIFormDataRequest.m in Sources */,
				D9308845143571AD00EFC33F /* ASIHTTPRequest.m in Sources */,
				D9308846143571AD00EFC33F /* ASIInputStream.m in Sources */,
				D9308847143571AD00EFC33F /* ASINetworkQueue.m in Sources */,
				D9308848143571AD00EFC33F /* Reachability.m in Sources */,
				D9308849143571AD00EFC33F /* JSONKit.m in Sources */,
				D930884A143571AD00EFC33F /* MBProgressHUD.m in Sources */,
				D93088521435893A00EFC33F /* MTLocation.m in Sources */,
				D9308856143593FC00EFC33F /* MTAccountController.m in Sources */,
				D930885F1435955100EFC33F /* MTLocationTrackerController.m in Sources */,
				D930886E1435980A00EFC33F /* MTDeviceViewController.m in Sources */,
				D98D6D6314363F2A00B3B849 /* MTDeviceDetailViewController.m in Sources */,
				D98D6D681436430A00B3B849 /* MTObjectStore.m in Sources */,
			);
			runOnlyForDeploymentPostprocessing = 0;
		};
/* End PBXSourcesBuildPhase section */

/* Begin PBXVariantGroup section */
		D93087F4143567BA00EFC33F /* InfoPlist.strings */ = {
			isa = PBXVariantGroup;
			children = (
				D93087F5143567BA00EFC33F /* en */,
			);
			name = InfoPlist.strings;
			sourceTree = "<group>";
		};
/* End PBXVariantGroup section */

/* Begin XCBuildConfiguration section */
		D93087FD143567BA00EFC33F /* Debug */ = {
			isa = XCBuildConfiguration;
			buildSettings = {
				ALWAYS_SEARCH_USER_PATHS = NO;
				ARCHS = "$(ARCHS_STANDARD_32_BIT)";
				"CODE_SIGN_IDENTITY[sdk=iphoneos*]" = "iPhone Developer";
				COPY_PHASE_STRIP = NO;
				GCC_C_LANGUAGE_STANDARD = gnu99;
				GCC_DYNAMIC_NO_PIC = NO;
				GCC_OPTIMIZATION_LEVEL = 0;
				GCC_PREPROCESSOR_DEFINITIONS = (
					"DEBUG=1",
					"$(inherited)",
				);
				GCC_SYMBOLS_PRIVATE_EXTERN = NO;
				GCC_VERSION = com.apple.compilers.llvm.clang.1_0;
				GCC_WARN_ABOUT_MISSING_PROTOTYPES = YES;
				GCC_WARN_ABOUT_RETURN_TYPE = YES;
				GCC_WARN_UNUSED_VARIABLE = YES;
				IPHONEOS_DEPLOYMENT_TARGET = 5.0;
				SDKROOT = iphoneos;
			};
			name = Debug;
		};
		D93087FE143567BA00EFC33F /* Release */ = {
			isa = XCBuildConfiguration;
			buildSettings = {
				ALWAYS_SEARCH_USER_PATHS = NO;
				ARCHS = "$(ARCHS_STANDARD_32_BIT)";
				"CODE_SIGN_IDENTITY[sdk=iphoneos*]" = "iPhone Developer";
				COPY_PHASE_STRIP = YES;
				GCC_C_LANGUAGE_STANDARD = gnu99;
				GCC_VERSION = com.apple.compilers.llvm.clang.1_0;
				GCC_WARN_ABOUT_MISSING_PROTOTYPES = YES;
				GCC_WARN_ABOUT_RETURN_TYPE = YES;
				GCC_WARN_UNUSED_VARIABLE = YES;
				IPHONEOS_DEPLOYMENT_TARGET = 5.0;
				OTHER_CFLAGS = "-DNS_BLOCK_ASSERTIONS=1";
				SDKROOT = iphoneos;
				VALIDATE_PRODUCT = YES;
			};
			name = Release;
		};
		D9308800143567BA00EFC33F /* Debug */ = {
			isa = XCBuildConfiguration;
			buildSettings = {
				GCC_PRECOMPILE_PREFIX_HEADER = YES;
				GCC_PREFIX_HEADER = "mobilemileagetracker/mobilemileagetracker-Prefix.pch";
				INFOPLIST_FILE = "mobilemileagetracker/mobilemileagetracker-Info.plist";
				PRODUCT_NAME = "$(TARGET_NAME)";
				WRAPPER_EXTENSION = app;
			};
			name = Debug;
		};
		D9308801143567BA00EFC33F /* Release */ = {
			isa = XCBuildConfiguration;
			buildSettings = {
				GCC_PRECOMPILE_PREFIX_HEADER = YES;
				GCC_PREFIX_HEADER = "mobilemileagetracker/mobilemileagetracker-Prefix.pch";
				INFOPLIST_FILE = "mobilemileagetracker/mobilemileagetracker-Info.plist";
				PRODUCT_NAME = "$(TARGET_NAME)";
				WRAPPER_EXTENSION = app;
			};
			name = Release;
		};
/* End XCBuildConfiguration section */

/* Begin XCConfigurationList section */
		D93087E1143567BA00EFC33F /* Build configuration list for PBXProject "mobilemileagetracker" */ = {
			isa = XCConfigurationList;
			buildConfigurations = (
				D93087FD143567BA00EFC33F /* Debug */,
				D93087FE143567BA00EFC33F /* Release */,
			);
			defaultConfigurationIsVisible = 0;
			defaultConfigurationName = Release;
		};
		D93087FF143567BA00EFC33F /* Build configuration list for PBXNativeTarget "mobilemileagetracker" */ = {
			isa = XCConfigurationList;
			buildConfigurations = (
				D9308800143567BA00EFC33F /* Debug */,
				D9308801143567BA00EFC33F /* Release */,
			);
			defaultConfigurationIsVisible = 0;
			defaultConfigurationName = Release;
		};
/* End XCConfigurationList section */
	};
	rootObject = D93087DE143567BA00EFC33F /* Project object */;
}
