// !$*UTF8*$!
{
	archiveVersion = 1;
	classes = {
	};
	objectVersion = 46;
	objects = {

/* Begin PBXBuildFile section */
		D93087EC143567BA00EFC33F /* UIKit.framework in Frameworks */ = {isa = PBXBuildFile; fileRef = D93087EB143567BA00EFC33F /* UIKit.framework */; };
		D93087EE143567BA00EFC33F /* Foundation.framework in Frameworks */ = {isa = PBXBuildFile; fileRef = D93087ED143567BA00EFC33F /* Foundation.framework */; };
		D93087F0143567BA00EFC33F /* CoreGraphics.framework in Frameworks */ = {isa = PBXBuildFile; fileRef = D93087EF143567BA00EFC33F /* CoreGraphics.framework */; };
		D93087F6143567BA00EFC33F /* InfoPlist.strings in Resources */ = {isa = PBXBuildFile; fileRef = D93087F4143567BA00EFC33F /* InfoPlist.strings */; };
		D93087F8143567BA00EFC33F /* main.m in Sources */ = {isa = PBXBuildFile; fileRef = D93087F7143567BA00EFC33F /* main.m */; };
		D93087FC143567BA00EFC33F /* MTAppDelegate.m in Sources */ = {isa = PBXBuildFile; fileRef = D93087FB143567BA00EFC33F /* MTAppDelegate.m */; };
		D9308808143569B600EFC33F /* APIUtil.m in Sources */ = {isa = PBXBuildFile; fileRef = D9308807143569B600EFC33F /* APIUtil.m */; };
		D930881114356D3000EFC33F /* MTDevice.m in Sources */ = {isa = PBXBuildFile; fileRef = D930881014356D3000EFC33F /* MTDevice.m */; };
		D930881414356F5000EFC33F /* MTTrip.m in Sources */ = {isa = PBXBuildFile; fileRef = D930881314356F5000EFC33F /* MTTrip.m */; };
		D93088211435703C00EFC33F /* MTAPIObject.m in Sources */ = {isa = PBXBuildFile; fileRef = D93088201435703C00EFC33F /* MTAPIObject.m */; };
		D9308840143571AD00EFC33F /* ASIAuthenticationDialog.m in Sources */ = {isa = PBXBuildFile; fileRef = D9308824143571AD00EFC33F /* ASIAuthenticationDialog.m */; };
		D9308841143571AD00EFC33F /* ASIDataCompressor.m in Sources */ = {isa = PBXBuildFile; fileRef = D9308827143571AD00EFC33F /* ASIDataCompressor.m */; };
		D9308842143571AD00EFC33F /* ASIDataDecompressor.m in Sources */ = {isa = PBXBuildFile; fileRef = D9308829143571AD00EFC33F /* ASIDataDecompressor.m */; };
		D9308843143571AD00EFC33F /* ASIDownloadCache.m in Sources */ = {isa = PBXBuildFile; fileRef = D930882B143571AD00EFC33F /* ASIDownloadCache.m */; };
		D9308844143571AD00EFC33F /* ASIFormDataRequest.m in Sources */ = {isa = PBXBuildFile; fileRef = D930882D143571AD00EFC33F /* ASIFormDataRequest.m */; };
		D9308845143571AD00EFC33F /* ASIHTTPRequest.m in Sources */ = {isa = PBXBuildFile; fileRef = D930882F143571AD00EFC33F /* ASIHTTPRequest.m */; };
		D9308846143571AD00EFC33F /* ASIInputStream.m in Sources */ = {isa = PBXBuildFile; fileRef = D9308833143571AD00EFC33F /* ASIInputStream.m */; };
		D9308847143571AD00EFC33F /* ASINetworkQueue.m in Sources */ = {isa = PBXBuildFile; fileRef = D9308835143571AD00EFC33F /* ASINetworkQueue.m */; };
		D9308848143571AD00EFC33F /* Reachability.m in Sources */ = {isa = PBXBuildFile; fileRef = D9308839143571AD00EFC33F /* Reachability.m */; };
		D930884A143571AD00EFC33F /* MBProgressHUD.m in Sources */ = {isa = PBXBuildFile; fileRef = D930883F143571AD00EFC33F /* MBProgressHUD.m */; };
		D93088521435893A00EFC33F /* MTLocation.m in Sources */ = {isa = PBXBuildFile; fileRef = D93088511435893A00EFC33F /* MTLocation.m */; };
		D9308856143593FC00EFC33F /* MTAccountController.m in Sources */ = {isa = PBXBuildFile; fileRef = D9308854143593FB00EFC33F /* MTAccountController.m */; };
		D9308857143593FC00EFC33F /* MTAccountController.xib in Resources */ = {isa = PBXBuildFile; fileRef = D9308855143593FC00EFC33F /* MTAccountController.xib */; };
		D930885F1435955100EFC33F /* MTLocationTrackerController.m in Sources */ = {isa = PBXBuildFile; fileRef = D930885D1435954F00EFC33F /* MTLocationTrackerController.m */; };
		D93088601435955100EFC33F /* MTLocationTrackerController.xib in Resources */ = {isa = PBXBuildFile; fileRef = D930885E1435955000EFC33F /* MTLocationTrackerController.xib */; };
		D93088621435961E00EFC33F /* CFNetwork.framework in Frameworks */ = {isa = PBXBuildFile; fileRef = D93088611435961E00EFC33F /* CFNetwork.framework */; };
		D93088641435962500EFC33F /* libz.dylib in Frameworks */ = {isa = PBXBuildFile; fileRef = D93088631435962500EFC33F /* libz.dylib */; };
		D93088661435964100EFC33F /* SystemConfiguration.framework in Frameworks */ = {isa = PBXBuildFile; fileRef = D93088651435964100EFC33F /* SystemConfiguration.framework */; };
		D93088681435964700EFC33F /* CoreLocation.framework in Frameworks */ = {isa = PBXBuildFile; fileRef = D93088671435964600EFC33F /* CoreLocation.framework */; };
		D930886A1435965600EFC33F /* MobileCoreServices.framework in Frameworks */ = {isa = PBXBuildFile; fileRef = D93088691435965600EFC33F /* MobileCoreServices.framework */; };
		D930886E1435980A00EFC33F /* MTDeviceViewController.m in Sources */ = {isa = PBXBuildFile; fileRef = D930886C1435980900EFC33F /* MTDeviceViewController.m */; };
		D930886F1435980A00EFC33F /* MTDeviceViewController.xib in Resources */ = {isa = PBXBuildFile; fileRef = D930886D1435980A00EFC33F /* MTDeviceViewController.xib */; };
		D9334F1914392B2100400F82 /* libRestKitCoreData.a in Frameworks */ = {isa = PBXBuildFile; fileRef = D9334F131439296400400F82 /* libRestKitCoreData.a */; };
		D9334F1B14392B2100400F82 /* libRestKitNetwork.a in Frameworks */ = {isa = PBXBuildFile; fileRef = D9334F031439296400400F82 /* libRestKitNetwork.a */; };
		D9334F1C14392B2100400F82 /* libRestKitObjectMapping.a in Frameworks */ = {isa = PBXBuildFile; fileRef = D9334F051439296400400F82 /* libRestKitObjectMapping.a */; };
		D9334F1D14392B2100400F82 /* libRestKitSupport.a in Frameworks */ = {isa = PBXBuildFile; fileRef = D9334F071439296400400F82 /* libRestKitSupport.a */; };
		D9334F2114392B5E00400F82 /* CoreData.framework in Frameworks */ = {isa = PBXBuildFile; fileRef = D9334F2014392B5E00400F82 /* CoreData.framework */; };
		D9334F2614392D0600400F82 /* libRestKitJSONParserJSONKit.a in Frameworks */ = {isa = PBXBuildFile; fileRef = D9334F0F1439296400400F82 /* libRestKitJSONParserJSONKit.a */; };
		D9896B3F14463F49003EDAC7 /* LocationController.m in Sources */ = {isa = PBXBuildFile; fileRef = D9896B3E14463F49003EDAC7 /* LocationController.m */; };
		D98D6D6314363F2A00B3B849 /* MTDeviceDetailViewController.m in Sources */ = {isa = PBXBuildFile; fileRef = D98D6D6114363F2A00B3B849 /* MTDeviceDetailViewController.m */; };
		D98D6D6414363F2A00B3B849 /* MTDeviceDetailViewController.xib in Resources */ = {isa = PBXBuildFile; fileRef = D98D6D6214363F2A00B3B849 /* MTDeviceDetailViewController.xib */; };
		D98D6D681436430A00B3B849 /* MTObjectStore.m in Sources */ = {isa = PBXBuildFile; fileRef = D98D6D671436430A00B3B849 /* MTObjectStore.m */; };
		D98D6D741436593D00B3B849 /* MTTripViewController.m in Sources */ = {isa = PBXBuildFile; fileRef = D98D6D721436593C00B3B849 /* MTTripViewController.m */; };
		D98D6D751436593D00B3B849 /* MTTripViewController.xib in Resources */ = {isa = PBXBuildFile; fileRef = D98D6D731436593D00B3B849 /* MTTripViewController.xib */; };
		D98D6D7914365AF500B3B849 /* MTTripDetailViewController.m in Sources */ = {isa = PBXBuildFile; fileRef = D98D6D7714365AF400B3B849 /* MTTripDetailViewController.m */; };
		D98D6D7A14365AF500B3B849 /* MTTripDetailViewController.xib in Resources */ = {isa = PBXBuildFile; fileRef = D98D6D7814365AF400B3B849 /* MTTripDetailViewController.xib */; };
		D9E84E4A143BB88C00D6EDA2 /* Model.xcdatamodeld in Sources */ = {isa = PBXBuildFile; fileRef = D9E84E48143BB88B00D6EDA2 /* Model.xcdatamodeld */; };
		D9E84E52143BC64200D6EDA2 /* MTObjectCache.m in Sources */ = {isa = PBXBuildFile; fileRef = D9E84E51143BC64100D6EDA2 /* MTObjectCache.m */; };
		D9F28DBA144A558E0020B31E /* MTMapViewController.m in Sources */ = {isa = PBXBuildFile; fileRef = D9F28DB8144A558E0020B31E /* MTMapViewController.m */; };
		D9F28DBB144A558E0020B31E /* MTMapViewController.xib in Resources */ = {isa = PBXBuildFile; fileRef = D9F28DB9144A558E0020B31E /* MTMapViewController.xib */; };
		D9F28DBD144A575E0020B31E /* MapKit.framework in Frameworks */ = {isa = PBXBuildFile; fileRef = D9F28DBC144A575E0020B31E /* MapKit.framework */; };
/* End PBXBuildFile section */

/* Begin PBXContainerItemProxy section */
		D9334F021439296400400F82 /* PBXContainerItemProxy */ = {
			isa = PBXContainerItemProxy;
			containerPortal = D9334EEE1439296300400F82 /* RestKit.xcodeproj */;
			proxyType = 2;
			remoteGlobalIDString = 253A07FC1255161B00976E89;
			remoteInfo = RestKitNetwork;
		};
		D9334F041439296400400F82 /* PBXContainerItemProxy */ = {
			isa = PBXContainerItemProxy;
			containerPortal = D9334EEE1439296300400F82 /* RestKit.xcodeproj */;
			proxyType = 2;
			remoteGlobalIDString = 253A08031255162C00976E89;
			remoteInfo = RestKitObjectMapping;
		};
		D9334F061439296400400F82 /* PBXContainerItemProxy */ = {
			isa = PBXContainerItemProxy;
			containerPortal = D9334EEE1439296300400F82 /* RestKit.xcodeproj */;
			proxyType = 2;
			remoteGlobalIDString = 253A080C12551D3000976E89;
			remoteInfo = RestKitSupport;
		};
		D9334F081439296400400F82 /* PBXContainerItemProxy */ = {
			isa = PBXContainerItemProxy;
			containerPortal = D9334EEE1439296300400F82 /* RestKit.xcodeproj */;
			proxyType = 2;
			remoteGlobalIDString = 20808DBD13DE8CDC000A156A;
			remoteInfo = "RestKitJSONParser+NXJSON";
		};
		D9334F0A1439296400400F82 /* PBXContainerItemProxy */ = {
			isa = PBXContainerItemProxy;
			containerPortal = D9334EEE1439296300400F82 /* RestKit.xcodeproj */;
			proxyType = 2;
			remoteGlobalIDString = 2590E64F125231F600531FA8;
			remoteInfo = "RestKitJSONParser+YAJL";
		};
		D9334F0C1439296400400F82 /* PBXContainerItemProxy */ = {
			isa = PBXContainerItemProxy;
			containerPortal = D9334EEE1439296300400F82 /* RestKit.xcodeproj */;
			proxyType = 2;
			remoteGlobalIDString = 2590E66B1252353700531FA8;
			remoteInfo = "RestKitJSONParser+SBJSON";
		};
		D9334F0E1439296400400F82 /* PBXContainerItemProxy */ = {
			isa = PBXContainerItemProxy;
			containerPortal = D9334EEE1439296300400F82 /* RestKit.xcodeproj */;
			proxyType = 2;
			remoteGlobalIDString = 73057FD11331AD2E001908EE;
			remoteInfo = "RestKitJSONParser+JSONKit";
		};
		D9334F101439296400400F82 /* PBXContainerItemProxy */ = {
			isa = PBXContainerItemProxy;
			containerPortal = D9334EEE1439296300400F82 /* RestKit.xcodeproj */;
			proxyType = 2;
			remoteGlobalIDString = 25BD43BD1340315800DBACDD;
			remoteInfo = "RestKitXMLParser+Libxml";
		};
		D9334F121439296400400F82 /* PBXContainerItemProxy */ = {
			isa = PBXContainerItemProxy;
			containerPortal = D9334EEE1439296300400F82 /* RestKit.xcodeproj */;
			proxyType = 2;
			remoteGlobalIDString = 253A081412551D5300976E89;
			remoteInfo = RestKitCoreData;
		};
		D9334F141439296400400F82 /* PBXContainerItemProxy */ = {
			isa = PBXContainerItemProxy;
			containerPortal = D9334EEE1439296300400F82 /* RestKit.xcodeproj */;
			proxyType = 2;
			remoteGlobalIDString = 2523360511E79F090048F9B4;
			remoteInfo = RestKitThree20;
		};
		D9334F161439296400400F82 /* PBXContainerItemProxy */ = {
			isa = PBXContainerItemProxy;
			containerPortal = D9334EEE1439296300400F82 /* RestKit.xcodeproj */;
			proxyType = 2;
			remoteGlobalIDString = 3F6C39A510FE5C95008F47C5;
			remoteInfo = UISpec;
		};
		D9334F1E14392B3E00400F82 /* PBXContainerItemProxy */ = {
			isa = PBXContainerItemProxy;
			containerPortal = D9334EEE1439296300400F82 /* RestKit.xcodeproj */;
			proxyType = 1;
			remoteGlobalIDString = 255B7588133BABBF00ED76AD;
			remoteInfo = RestKit;
		};
/* End PBXContainerItemProxy section */

/* Begin PBXFileReference section */
		D93087E7143567BA00EFC33F /* mobilemileagetracker.app */ = {isa = PBXFileReference; explicitFileType = wrapper.application; includeInIndex = 0; path = mobilemileagetracker.app; sourceTree = BUILT_PRODUCTS_DIR; };
		D93087EB143567BA00EFC33F /* UIKit.framework */ = {isa = PBXFileReference; lastKnownFileType = wrapper.framework; name = UIKit.framework; path = System/Library/Frameworks/UIKit.framework; sourceTree = SDKROOT; };
		D93087ED143567BA00EFC33F /* Foundation.framework */ = {isa = PBXFileReference; lastKnownFileType = wrapper.framework; name = Foundation.framework; path = System/Library/Frameworks/Foundation.framework; sourceTree = SDKROOT; };
		D93087EF143567BA00EFC33F /* CoreGraphics.framework */ = {isa = PBXFileReference; lastKnownFileType = wrapper.framework; name = CoreGraphics.framework; path = System/Library/Frameworks/CoreGraphics.framework; sourceTree = SDKROOT; };
		D93087F3143567BA00EFC33F /* mobilemileagetracker-Info.plist */ = {isa = PBXFileReference; lastKnownFileType = text.plist.xml; path = "mobilemileagetracker-Info.plist"; sourceTree = "<group>"; };
		D93087F5143567BA00EFC33F /* en */ = {isa = PBXFileReference; lastKnownFileType = text.plist.strings; name = en; path = en.lproj/InfoPlist.strings; sourceTree = "<group>"; };
		D93087F7143567BA00EFC33F /* main.m */ = {isa = PBXFileReference; lastKnownFileType = sourcecode.c.objc; path = main.m; sourceTree = "<group>"; };
		D93087F9143567BA00EFC33F /* mobilemileagetracker-Prefix.pch */ = {isa = PBXFileReference; lastKnownFileType = sourcecode.c.h; path = "mobilemileagetracker-Prefix.pch"; sourceTree = "<group>"; };
		D93087FA143567BA00EFC33F /* MTAppDelegate.h */ = {isa = PBXFileReference; lastKnownFileType = sourcecode.c.h; path = MTAppDelegate.h; sourceTree = "<group>"; };
		D93087FB143567BA00EFC33F /* MTAppDelegate.m */ = {isa = PBXFileReference; lastKnownFileType = sourcecode.c.objc; path = MTAppDelegate.m; sourceTree = "<group>"; };
		D9308806143569B600EFC33F /* APIUtil.h */ = {isa = PBXFileReference; fileEncoding = 4; lastKnownFileType = sourcecode.c.h; path = APIUtil.h; sourceTree = "<group>"; };
		D9308807143569B600EFC33F /* APIUtil.m */ = {isa = PBXFileReference; fileEncoding = 4; lastKnownFileType = sourcecode.c.objc; path = APIUtil.m; sourceTree = "<group>"; };
		D930880E14356C1A00EFC33F /* MTAPIObjectProtocol.h */ = {isa = PBXFileReference; fileEncoding = 4; lastKnownFileType = sourcecode.c.h; path = MTAPIObjectProtocol.h; sourceTree = "<group>"; };
		D930880F14356D3000EFC33F /* MTDevice.h */ = {isa = PBXFileReference; fileEncoding = 4; lastKnownFileType = sourcecode.c.h; path = MTDevice.h; sourceTree = "<group>"; };
		D930881014356D3000EFC33F /* MTDevice.m */ = {isa = PBXFileReference; fileEncoding = 4; lastKnownFileType = sourcecode.c.objc; path = MTDevice.m; sourceTree = "<group>"; };
		D930881214356F4F00EFC33F /* MTTrip.h */ = {isa = PBXFileReference; fileEncoding = 4; lastKnownFileType = sourcecode.c.h; path = MTTrip.h; sourceTree = "<group>"; };
		D930881314356F5000EFC33F /* MTTrip.m */ = {isa = PBXFileReference; fileEncoding = 4; lastKnownFileType = sourcecode.c.objc; path = MTTrip.m; sourceTree = "<group>"; };
		D930881F1435703B00EFC33F /* MTAPIObject.h */ = {isa = PBXFileReference; fileEncoding = 4; lastKnownFileType = sourcecode.c.h; path = MTAPIObject.h; sourceTree = "<group>"; };
		D93088201435703C00EFC33F /* MTAPIObject.m */ = {isa = PBXFileReference; fileEncoding = 4; lastKnownFileType = sourcecode.c.objc; path = MTAPIObject.m; sourceTree = "<group>"; };
		D9308823143571AD00EFC33F /* ASIAuthenticationDialog.h */ = {isa = PBXFileReference; fileEncoding = 4; lastKnownFileType = sourcecode.c.h; path = ASIAuthenticationDialog.h; sourceTree = "<group>"; };
		D9308824143571AD00EFC33F /* ASIAuthenticationDialog.m */ = {isa = PBXFileReference; fileEncoding = 4; lastKnownFileType = sourcecode.c.objc; path = ASIAuthenticationDialog.m; sourceTree = "<group>"; };
		D9308825143571AD00EFC33F /* ASICacheDelegate.h */ = {isa = PBXFileReference; fileEncoding = 4; lastKnownFileType = sourcecode.c.h; path = ASICacheDelegate.h; sourceTree = "<group>"; };
		D9308826143571AD00EFC33F /* ASIDataCompressor.h */ = {isa = PBXFileReference; fileEncoding = 4; lastKnownFileType = sourcecode.c.h; path = ASIDataCompressor.h; sourceTree = "<group>"; };
		D9308827143571AD00EFC33F /* ASIDataCompressor.m */ = {isa = PBXFileReference; fileEncoding = 4; lastKnownFileType = sourcecode.c.objc; path = ASIDataCompressor.m; sourceTree = "<group>"; };
		D9308828143571AD00EFC33F /* ASIDataDecompressor.h */ = {isa = PBXFileReference; fileEncoding = 4; lastKnownFileType = sourcecode.c.h; path = ASIDataDecompressor.h; sourceTree = "<group>"; };
		D9308829143571AD00EFC33F /* ASIDataDecompressor.m */ = {isa = PBXFileReference; fileEncoding = 4; lastKnownFileType = sourcecode.c.objc; path = ASIDataDecompressor.m; sourceTree = "<group>"; };
		D930882A143571AD00EFC33F /* ASIDownloadCache.h */ = {isa = PBXFileReference; fileEncoding = 4; lastKnownFileType = sourcecode.c.h; path = ASIDownloadCache.h; sourceTree = "<group>"; };
		D930882B143571AD00EFC33F /* ASIDownloadCache.m */ = {isa = PBXFileReference; fileEncoding = 4; lastKnownFileType = sourcecode.c.objc; path = ASIDownloadCache.m; sourceTree = "<group>"; };
		D930882C143571AD00EFC33F /* ASIFormDataRequest.h */ = {isa = PBXFileReference; fileEncoding = 4; lastKnownFileType = sourcecode.c.h; path = ASIFormDataRequest.h; sourceTree = "<group>"; };
		D930882D143571AD00EFC33F /* ASIFormDataRequest.m */ = {isa = PBXFileReference; fileEncoding = 4; lastKnownFileType = sourcecode.c.objc; path = ASIFormDataRequest.m; sourceTree = "<group>"; };
		D930882E143571AD00EFC33F /* ASIHTTPRequest.h */ = {isa = PBXFileReference; fileEncoding = 4; lastKnownFileType = sourcecode.c.h; path = ASIHTTPRequest.h; sourceTree = "<group>"; };
		D930882F143571AD00EFC33F /* ASIHTTPRequest.m */ = {isa = PBXFileReference; fileEncoding = 4; lastKnownFileType = sourcecode.c.objc; path = ASIHTTPRequest.m; sourceTree = "<group>"; };
		D9308830143571AD00EFC33F /* ASIHTTPRequestConfig.h */ = {isa = PBXFileReference; fileEncoding = 4; lastKnownFileType = sourcecode.c.h; path = ASIHTTPRequestConfig.h; sourceTree = "<group>"; };
		D9308831143571AD00EFC33F /* ASIHTTPRequestDelegate.h */ = {isa = PBXFileReference; fileEncoding = 4; lastKnownFileType = sourcecode.c.h; path = ASIHTTPRequestDelegate.h; sourceTree = "<group>"; };
		D9308832143571AD00EFC33F /* ASIInputStream.h */ = {isa = PBXFileReference; fileEncoding = 4; lastKnownFileType = sourcecode.c.h; path = ASIInputStream.h; sourceTree = "<group>"; };
		D9308833143571AD00EFC33F /* ASIInputStream.m */ = {isa = PBXFileReference; fileEncoding = 4; lastKnownFileType = sourcecode.c.objc; path = ASIInputStream.m; sourceTree = "<group>"; };
		D9308834143571AD00EFC33F /* ASINetworkQueue.h */ = {isa = PBXFileReference; fileEncoding = 4; lastKnownFileType = sourcecode.c.h; path = ASINetworkQueue.h; sourceTree = "<group>"; };
		D9308835143571AD00EFC33F /* ASINetworkQueue.m */ = {isa = PBXFileReference; fileEncoding = 4; lastKnownFileType = sourcecode.c.objc; path = ASINetworkQueue.m; sourceTree = "<group>"; };
		D9308836143571AD00EFC33F /* ASIProgressDelegate.h */ = {isa = PBXFileReference; fileEncoding = 4; lastKnownFileType = sourcecode.c.h; path = ASIProgressDelegate.h; sourceTree = "<group>"; };
		D9308838143571AD00EFC33F /* Reachability.h */ = {isa = PBXFileReference; fileEncoding = 4; lastKnownFileType = sourcecode.c.h; path = Reachability.h; sourceTree = "<group>"; };
		D9308839143571AD00EFC33F /* Reachability.m */ = {isa = PBXFileReference; fileEncoding = 4; lastKnownFileType = sourcecode.c.objc; path = Reachability.m; sourceTree = "<group>"; };
		D930883E143571AD00EFC33F /* MBProgressHUD.h */ = {isa = PBXFileReference; fileEncoding = 4; lastKnownFileType = sourcecode.c.h; path = MBProgressHUD.h; sourceTree = "<group>"; };
		D930883F143571AD00EFC33F /* MBProgressHUD.m */ = {isa = PBXFileReference; fileEncoding = 4; lastKnownFileType = sourcecode.c.objc; path = MBProgressHUD.m; sourceTree = "<group>"; };
		D93088501435893A00EFC33F /* MTLocation.h */ = {isa = PBXFileReference; fileEncoding = 4; lastKnownFileType = sourcecode.c.h; path = MTLocation.h; sourceTree = "<group>"; };
		D93088511435893A00EFC33F /* MTLocation.m */ = {isa = PBXFileReference; fileEncoding = 4; lastKnownFileType = sourcecode.c.objc; path = MTLocation.m; sourceTree = "<group>"; };
		D9308853143593FB00EFC33F /* MTAccountController.h */ = {isa = PBXFileReference; fileEncoding = 4; lastKnownFileType = sourcecode.c.h; path = MTAccountController.h; sourceTree = "<group>"; };
		D9308854143593FB00EFC33F /* MTAccountController.m */ = {isa = PBXFileReference; fileEncoding = 4; lastKnownFileType = sourcecode.c.objc; path = MTAccountController.m; sourceTree = "<group>"; };
		D9308855143593FC00EFC33F /* MTAccountController.xib */ = {isa = PBXFileReference; fileEncoding = 4; lastKnownFileType = file.xib; path = MTAccountController.xib; sourceTree = "<group>"; };
		D930885C1435954F00EFC33F /* MTLocationTrackerController.h */ = {isa = PBXFileReference; fileEncoding = 4; lastKnownFileType = sourcecode.c.h; path = MTLocationTrackerController.h; sourceTree = "<group>"; };
		D930885D1435954F00EFC33F /* MTLocationTrackerController.m */ = {isa = PBXFileReference; fileEncoding = 4; lastKnownFileType = sourcecode.c.objc; path = MTLocationTrackerController.m; sourceTree = "<group>"; };
		D930885E1435955000EFC33F /* MTLocationTrackerController.xib */ = {isa = PBXFileReference; fileEncoding = 4; lastKnownFileType = file.xib; path = MTLocationTrackerController.xib; sourceTree = "<group>"; };
		D93088611435961E00EFC33F /* CFNetwork.framework */ = {isa = PBXFileReference; lastKnownFileType = wrapper.framework; name = CFNetwork.framework; path = System/Library/Frameworks/CFNetwork.framework; sourceTree = SDKROOT; };
		D93088631435962500EFC33F /* libz.dylib */ = {isa = PBXFileReference; lastKnownFileType = "compiled.mach-o.dylib"; name = libz.dylib; path = usr/lib/libz.dylib; sourceTree = SDKROOT; };
		D93088651435964100EFC33F /* SystemConfiguration.framework */ = {isa = PBXFileReference; lastKnownFileType = wrapper.framework; name = SystemConfiguration.framework; path = System/Library/Frameworks/SystemConfiguration.framework; sourceTree = SDKROOT; };
		D93088671435964600EFC33F /* CoreLocation.framework */ = {isa = PBXFileReference; lastKnownFileType = wrapper.framework; name = CoreLocation.framework; path = System/Library/Frameworks/CoreLocation.framework; sourceTree = SDKROOT; };
		D93088691435965600EFC33F /* MobileCoreServices.framework */ = {isa = PBXFileReference; lastKnownFileType = wrapper.framework; name = MobileCoreServices.framework; path = System/Library/Frameworks/MobileCoreServices.framework; sourceTree = SDKROOT; };
		D930886B1435980900EFC33F /* MTDeviceViewController.h */ = {isa = PBXFileReference; fileEncoding = 4; lastKnownFileType = sourcecode.c.h; path = MTDeviceViewController.h; sourceTree = "<group>"; };
		D930886C1435980900EFC33F /* MTDeviceViewController.m */ = {isa = PBXFileReference; fileEncoding = 4; lastKnownFileType = sourcecode.c.objc; path = MTDeviceViewController.m; sourceTree = "<group>"; };
		D930886D1435980A00EFC33F /* MTDeviceViewController.xib */ = {isa = PBXFileReference; fileEncoding = 4; lastKnownFileType = file.xib; path = MTDeviceViewController.xib; sourceTree = "<group>"; };
		D9334EEE1439296300400F82 /* RestKit.xcodeproj */ = {isa = PBXFileReference; lastKnownFileType = "wrapper.pb-project"; name = RestKit.xcodeproj; path = RestKit/RestKit.xcodeproj; sourceTree = "<group>"; };
		D9334F2014392B5E00400F82 /* CoreData.framework */ = {isa = PBXFileReference; lastKnownFileType = wrapper.framework; name = CoreData.framework; path = System/Library/Frameworks/CoreData.framework; sourceTree = SDKROOT; };
		D9896B3D14463F48003EDAC7 /* LocationController.h */ = {isa = PBXFileReference; fileEncoding = 4; lastKnownFileType = sourcecode.c.h; path = LocationController.h; sourceTree = "<group>"; };
		D9896B3E14463F49003EDAC7 /* LocationController.m */ = {isa = PBXFileReference; fileEncoding = 4; lastKnownFileType = sourcecode.c.objc; path = LocationController.m; sourceTree = "<group>"; };
		D98D6D6014363F2A00B3B849 /* MTDeviceDetailViewController.h */ = {isa = PBXFileReference; fileEncoding = 4; lastKnownFileType = sourcecode.c.h; path = MTDeviceDetailViewController.h; sourceTree = "<group>"; };
		D98D6D6114363F2A00B3B849 /* MTDeviceDetailViewController.m */ = {isa = PBXFileReference; fileEncoding = 4; lastKnownFileType = sourcecode.c.objc; path = MTDeviceDetailViewController.m; sourceTree = "<group>"; };
		D98D6D6214363F2A00B3B849 /* MTDeviceDetailViewController.xib */ = {isa = PBXFileReference; fileEncoding = 4; lastKnownFileType = file.xib; path = MTDeviceDetailViewController.xib; sourceTree = "<group>"; };
		D98D6D661436430A00B3B849 /* MTObjectStore.h */ = {isa = PBXFileReference; fileEncoding = 4; lastKnownFileType = sourcecode.c.h; path = MTObjectStore.h; sourceTree = "<group>"; };
		D98D6D671436430A00B3B849 /* MTObjectStore.m */ = {isa = PBXFileReference; fileEncoding = 4; lastKnownFileType = sourcecode.c.objc; path = MTObjectStore.m; sourceTree = "<group>"; };
		D98D6D711436593C00B3B849 /* MTTripViewController.h */ = {isa = PBXFileReference; fileEncoding = 4; lastKnownFileType = sourcecode.c.h; path = MTTripViewController.h; sourceTree = "<group>"; };
		D98D6D721436593C00B3B849 /* MTTripViewController.m */ = {isa = PBXFileReference; fileEncoding = 4; lastKnownFileType = sourcecode.c.objc; path = MTTripViewController.m; sourceTree = "<group>"; };
		D98D6D731436593D00B3B849 /* MTTripViewController.xib */ = {isa = PBXFileReference; fileEncoding = 4; lastKnownFileType = file.xib; path = MTTripViewController.xib; sourceTree = "<group>"; };
		D98D6D7614365AF400B3B849 /* MTTripDetailViewController.h */ = {isa = PBXFileReference; fileEncoding = 4; lastKnownFileType = sourcecode.c.h; path = MTTripDetailViewController.h; sourceTree = "<group>"; };
		D98D6D7714365AF400B3B849 /* MTTripDetailViewController.m */ = {isa = PBXFileReference; fileEncoding = 4; lastKnownFileType = sourcecode.c.objc; path = MTTripDetailViewController.m; sourceTree = "<group>"; };
		D98D6D7814365AF400B3B849 /* MTTripDetailViewController.xib */ = {isa = PBXFileReference; fileEncoding = 4; lastKnownFileType = file.xib; path = MTTripDetailViewController.xib; sourceTree = "<group>"; };
		D9E84E49143BB88C00D6EDA2 /* Model.xcdatamodel */ = {isa = PBXFileReference; lastKnownFileType = wrapper.xcdatamodel; path = Model.xcdatamodel; sourceTree = "<group>"; };
		D9E84E50143BC64100D6EDA2 /* MTObjectCache.h */ = {isa = PBXFileReference; fileEncoding = 4; lastKnownFileType = sourcecode.c.h; path = MTObjectCache.h; sourceTree = "<group>"; };
		D9E84E51143BC64100D6EDA2 /* MTObjectCache.m */ = {isa = PBXFileReference; fileEncoding = 4; lastKnownFileType = sourcecode.c.objc; path = MTObjectCache.m; sourceTree = "<group>"; };
		D9F28DB7144A558E0020B31E /* MTMapViewController.h */ = {isa = PBXFileReference; fileEncoding = 4; lastKnownFileType = sourcecode.c.h; path = MTMapViewController.h; sourceTree = "<group>"; };
		D9F28DB8144A558E0020B31E /* MTMapViewController.m */ = {isa = PBXFileReference; fileEncoding = 4; lastKnownFileType = sourcecode.c.objc; path = MTMapViewController.m; sourceTree = "<group>"; };
		D9F28DB9144A558E0020B31E /* MTMapViewController.xib */ = {isa = PBXFileReference; fileEncoding = 4; lastKnownFileType = file.xib; path = MTMapViewController.xib; sourceTree = "<group>"; };
		D9F28DBC144A575E0020B31E /* MapKit.framework */ = {isa = PBXFileReference; lastKnownFileType = wrapper.framework; name = MapKit.framework; path = System/Library/Frameworks/MapKit.framework; sourceTree = SDKROOT; };
/* End PBXFileReference section */

/* Begin PBXFrameworksBuildPhase section */
		D93087E4143567BA00EFC33F /* Frameworks */ = {
			isa = PBXFrameworksBuildPhase;
			buildActionMask = 2147483647;
			files = (
				D9F28DBD144A575E0020B31E /* MapKit.framework in Frameworks */,
				D93088681435964700EFC33F /* CoreLocation.framework in Frameworks */,
				D9334F2614392D0600400F82 /* libRestKitJSONParserJSONKit.a in Frameworks */,
				D9334F2114392B5E00400F82 /* CoreData.framework in Frameworks */,
				D9334F1914392B2100400F82 /* libRestKitCoreData.a in Frameworks */,
				D9334F1B14392B2100400F82 /* libRestKitNetwork.a in Frameworks */,
				D9334F1C14392B2100400F82 /* libRestKitObjectMapping.a in Frameworks */,
				D9334F1D14392B2100400F82 /* libRestKitSupport.a in Frameworks */,
				D930886A1435965600EFC33F /* MobileCoreServices.framework in Frameworks */,
				D93088661435964100EFC33F /* SystemConfiguration.framework in Frameworks */,
				D93088641435962500EFC33F /* libz.dylib in Frameworks */,
				D93088621435961E00EFC33F /* CFNetwork.framework in Frameworks */,
				D93087EC143567BA00EFC33F /* UIKit.framework in Frameworks */,
				D93087EE143567BA00EFC33F /* Foundation.framework in Frameworks */,
				D93087F0143567BA00EFC33F /* CoreGraphics.framework in Frameworks */,
			);
			runOnlyForDeploymentPostprocessing = 0;
		};
/* End PBXFrameworksBuildPhase section */

/* Begin PBXGroup section */
		D93087DC143567BA00EFC33F = {
			isa = PBXGroup;
			children = (
				D9F28DBC144A575E0020B31E /* MapKit.framework */,
				D93087F1143567BA00EFC33F /* mobilemileagetracker */,
				D930884B143571B300EFC33F /* 3rd Party Frameworks */,
				D93087EA143567BA00EFC33F /* Frameworks */,
				D93087E8143567BA00EFC33F /* Products */,
			);
			sourceTree = "<group>";
		};
		D93087E8143567BA00EFC33F /* Products */ = {
			isa = PBXGroup;
			children = (
				D93087E7143567BA00EFC33F /* mobilemileagetracker.app */,
			);
			name = Products;
			sourceTree = "<group>";
		};
		D93087EA143567BA00EFC33F /* Frameworks */ = {
			isa = PBXGroup;
			children = (
				D9334F2014392B5E00400F82 /* CoreData.framework */,
				D93088691435965600EFC33F /* MobileCoreServices.framework */,
				D93088671435964600EFC33F /* CoreLocation.framework */,
				D93088651435964100EFC33F /* SystemConfiguration.framework */,
				D93088631435962500EFC33F /* libz.dylib */,
				D93088611435961E00EFC33F /* CFNetwork.framework */,
				D93087EB143567BA00EFC33F /* UIKit.framework */,
				D93087ED143567BA00EFC33F /* Foundation.framework */,
				D93087EF143567BA00EFC33F /* CoreGraphics.framework */,
			);
			name = Frameworks;
			sourceTree = "<group>";
		};
		D93087F1143567BA00EFC33F /* mobilemileagetracker */ = {
			isa = PBXGroup;
			children = (
				D930880A143569BD00EFC33F /* API */,
				D9896B3D14463F48003EDAC7 /* LocationController.h */,
				D9896B3E14463F49003EDAC7 /* LocationController.m */,
				D93087FA143567BA00EFC33F /* MTAppDelegate.h */,
				D93087FB143567BA00EFC33F /* MTAppDelegate.m */,
				D930885C1435954F00EFC33F /* MTLocationTrackerController.h */,
				D930885D1435954F00EFC33F /* MTLocationTrackerController.m */,
				D930885E1435955000EFC33F /* MTLocationTrackerController.xib */,
				D9F28DB7144A558E0020B31E /* MTMapViewController.h */,
				D9F28DB8144A558E0020B31E /* MTMapViewController.m */,
				D9F28DB9144A558E0020B31E /* MTMapViewController.xib */,
				D9308853143593FB00EFC33F /* MTAccountController.h */,
				D9308854143593FB00EFC33F /* MTAccountController.m */,
				D9308855143593FC00EFC33F /* MTAccountController.xib */,
				D98D6D711436593C00B3B849 /* MTTripViewController.h */,
				D98D6D721436593C00B3B849 /* MTTripViewController.m */,
				D98D6D731436593D00B3B849 /* MTTripViewController.xib */,
				D98D6D7614365AF400B3B849 /* MTTripDetailViewController.h */,
				D98D6D7714365AF400B3B849 /* MTTripDetailViewController.m */,
				D98D6D7814365AF400B3B849 /* MTTripDetailViewController.xib */,
				D930886B1435980900EFC33F /* MTDeviceViewController.h */,
				D930886C1435980900EFC33F /* MTDeviceViewController.m */,
				D930886D1435980A00EFC33F /* MTDeviceViewController.xib */,
				D98D6D6014363F2A00B3B849 /* MTDeviceDetailViewController.h */,
				D98D6D6114363F2A00B3B849 /* MTDeviceDetailViewController.m */,
				D98D6D6214363F2A00B3B849 /* MTDeviceDetailViewController.xib */,
				D93087F2143567BA00EFC33F /* Supporting Files */,
			);
			path = mobilemileagetracker;
			sourceTree = "<group>";
		};
		D93087F2143567BA00EFC33F /* Supporting Files */ = {
			isa = PBXGroup;
			children = (
				D93087F3143567BA00EFC33F /* mobilemileagetracker-Info.plist */,
				D93087F4143567BA00EFC33F /* InfoPlist.strings */,
				D93087F7143567BA00EFC33F /* main.m */,
				D93087F9143567BA00EFC33F /* mobilemileagetracker-Prefix.pch */,
			);
			name = "Supporting Files";
			sourceTree = "<group>";
		};
		D930880A143569BD00EFC33F /* API */ = {
			isa = PBXGroup;
			children = (
				D98D6D661436430A00B3B849 /* MTObjectStore.h */,
				D98D6D671436430A00B3B849 /* MTObjectStore.m */,
				D9E84E50143BC64100D6EDA2 /* MTObjectCache.h */,
				D9E84E51143BC64100D6EDA2 /* MTObjectCache.m */,
				D930880E14356C1A00EFC33F /* MTAPIObjectProtocol.h */,
				D930881F1435703B00EFC33F /* MTAPIObject.h */,
				D93088201435703C00EFC33F /* MTAPIObject.m */,
				D93088501435893A00EFC33F /* MTLocation.h */,
				D93088511435893A00EFC33F /* MTLocation.m */,
				D930881214356F4F00EFC33F /* MTTrip.h */,
				D930881314356F5000EFC33F /* MTTrip.m */,
				D930880F14356D3000EFC33F /* MTDevice.h */,
				D930881014356D3000EFC33F /* MTDevice.m */,
				D9308806143569B600EFC33F /* APIUtil.h */,
				D9308807143569B600EFC33F /* APIUtil.m */,
				D9E84E48143BB88B00D6EDA2 /* Model.xcdatamodeld */,
			);
			name = API;
			sourceTree = "<group>";
		};
		D9308822143571AD00EFC33F /* ASIHTTPRequest */ = {
			isa = PBXGroup;
			children = (
				D9308823143571AD00EFC33F /* ASIAuthenticationDialog.h */,
				D9308824143571AD00EFC33F /* ASIAuthenticationDialog.m */,
				D9308825143571AD00EFC33F /* ASICacheDelegate.h */,
				D9308826143571AD00EFC33F /* ASIDataCompressor.h */,
				D9308827143571AD00EFC33F /* ASIDataCompressor.m */,
				D9308828143571AD00EFC33F /* ASIDataDecompressor.h */,
				D9308829143571AD00EFC33F /* ASIDataDecompressor.m */,
				D930882A143571AD00EFC33F /* ASIDownloadCache.h */,
				D930882B143571AD00EFC33F /* ASIDownloadCache.m */,
				D930882C143571AD00EFC33F /* ASIFormDataRequest.h */,
				D930882D143571AD00EFC33F /* ASIFormDataRequest.m */,
				D930882E143571AD00EFC33F /* ASIHTTPRequest.h */,
				D930882F143571AD00EFC33F /* ASIHTTPRequest.m */,
				D9308830143571AD00EFC33F /* ASIHTTPRequestConfig.h */,
				D9308831143571AD00EFC33F /* ASIHTTPRequestDelegate.h */,
				D9308832143571AD00EFC33F /* ASIInputStream.h */,
				D9308833143571AD00EFC33F /* ASIInputStream.m */,
				D9308834143571AD00EFC33F /* ASINetworkQueue.h */,
				D9308835143571AD00EFC33F /* ASINetworkQueue.m */,
				D9308836143571AD00EFC33F /* ASIProgressDelegate.h */,
				D9308837143571AD00EFC33F /* Reachability */,
			);
			path = ASIHTTPRequest;
			sourceTree = "<group>";
		};
		D9308837143571AD00EFC33F /* Reachability */ = {
			isa = PBXGroup;
			children = (
				D9308838143571AD00EFC33F /* Reachability.h */,
				D9308839143571AD00EFC33F /* Reachability.m */,
			);
			path = Reachability;
			sourceTree = "<group>";
		};
		D930883D143571AD00EFC33F /* MBProgressHUD */ = {
			isa = PBXGroup;
			children = (
				D930883E143571AD00EFC33F /* MBProgressHUD.h */,
				D930883F143571AD00EFC33F /* MBProgressHUD.m */,
			);
			path = MBProgressHUD;
			sourceTree = "<group>";
		};
		D930884B143571B300EFC33F /* 3rd Party Frameworks */ = {
			isa = PBXGroup;
			children = (
				D9334EEE1439296300400F82 /* RestKit.xcodeproj */,
				D9308822143571AD00EFC33F /* ASIHTTPRequest */,
				D930883D143571AD00EFC33F /* MBProgressHUD */,
			);
			name = "3rd Party Frameworks";
			sourceTree = "<group>";
		};
		D9334EEF1439296300400F82 /* Products */ = {
			isa = PBXGroup;
			children = (
				D9334F031439296400400F82 /* libRestKitNetwork.a */,
				D9334F051439296400400F82 /* libRestKitObjectMapping.a */,
				D9334F071439296400400F82 /* libRestKitSupport.a */,
				D9334F091439296400400F82 /* libRestKitJSONParserNXJSON.a */,
				D9334F0B1439296400400F82 /* libRestKitJSONParserYAJL.a */,
				D9334F0D1439296400400F82 /* libRestKitJSONParserSBJSON.a */,
				D9334F0F1439296400400F82 /* libRestKitJSONParserJSONKit.a */,
				D9334F111439296400400F82 /* libRestKitXMLParserLibxml.a */,
				D9334F131439296400400F82 /* libRestKitCoreData.a */,
				D9334F151439296400400F82 /* libRestKitThree20.a */,
				D9334F171439296400400F82 /* RestKitSpecs.app */,
			);
			name = Products;
			sourceTree = "<group>";
		};
/* End PBXGroup section */

/* Begin PBXNativeTarget section */
		D93087E6143567BA00EFC33F /* mobilemileagetracker */ = {
			isa = PBXNativeTarget;
			buildConfigurationList = D93087FF143567BA00EFC33F /* Build configuration list for PBXNativeTarget "mobilemileagetracker" */;
			buildPhases = (
				D93087E3143567BA00EFC33F /* Sources */,
				D93087E4143567BA00EFC33F /* Frameworks */,
				D93087E5143567BA00EFC33F /* Resources */,
			);
			buildRules = (
			);
			dependencies = (
				D9334F1F14392B3E00400F82 /* PBXTargetDependency */,
			);
			name = mobilemileagetracker;
			productName = mobilemileagetracker;
			productReference = D93087E7143567BA00EFC33F /* mobilemileagetracker.app */;
			productType = "com.apple.product-type.application";
		};
/* End PBXNativeTarget section */

/* Begin PBXProject section */
		D93087DE143567BA00EFC33F /* Project object */ = {
			isa = PBXProject;
			attributes = {
				LastUpgradeCheck = 0420;
			};
			buildConfigurationList = D93087E1143567BA00EFC33F /* Build configuration list for PBXProject "mobilemileagetracker" */;
			compatibilityVersion = "Xcode 3.2";
			developmentRegion = English;
			hasScannedForEncodings = 0;
			knownRegions = (
				en,
			);
			mainGroup = D93087DC143567BA00EFC33F;
			productRefGroup = D93087E8143567BA00EFC33F /* Products */;
			projectDirPath = "";
			projectReferences = (
				{
					ProductGroup = D9334EEF1439296300400F82 /* Products */;
					ProjectRef = D9334EEE1439296300400F82 /* RestKit.xcodeproj */;
				},
			);
			projectRoot = "";
			targets = (
				D93087E6143567BA00EFC33F /* mobilemileagetracker */,
			);
		};
/* End PBXProject section */

/* Begin PBXReferenceProxy section */
		D9334F031439296400400F82 /* libRestKitNetwork.a */ = {
			isa = PBXReferenceProxy;
			fileType = archive.ar;
			path = libRestKitNetwork.a;
			remoteRef = D9334F021439296400400F82 /* PBXContainerItemProxy */;
			sourceTree = BUILT_PRODUCTS_DIR;
		};
		D9334F051439296400400F82 /* libRestKitObjectMapping.a */ = {
			isa = PBXReferenceProxy;
			fileType = archive.ar;
			path = libRestKitObjectMapping.a;
			remoteRef = D9334F041439296400400F82 /* PBXContainerItemProxy */;
			sourceTree = BUILT_PRODUCTS_DIR;
		};
		D9334F071439296400400F82 /* libRestKitSupport.a */ = {
			isa = PBXReferenceProxy;
			fileType = archive.ar;
			path = libRestKitSupport.a;
			remoteRef = D9334F061439296400400F82 /* PBXContainerItemProxy */;
			sourceTree = BUILT_PRODUCTS_DIR;
		};
		D9334F091439296400400F82 /* libRestKitJSONParserNXJSON.a */ = {
			isa = PBXReferenceProxy;
			fileType = archive.ar;
			path = libRestKitJSONParserNXJSON.a;
			remoteRef = D9334F081439296400400F82 /* PBXContainerItemProxy */;
			sourceTree = BUILT_PRODUCTS_DIR;
		};
		D9334F0B1439296400400F82 /* libRestKitJSONParserYAJL.a */ = {
			isa = PBXReferenceProxy;
			fileType = archive.ar;
			path = libRestKitJSONParserYAJL.a;
			remoteRef = D9334F0A1439296400400F82 /* PBXContainerItemProxy */;
			sourceTree = BUILT_PRODUCTS_DIR;
		};
		D9334F0D1439296400400F82 /* libRestKitJSONParserSBJSON.a */ = {
			isa = PBXReferenceProxy;
			fileType = archive.ar;
			path = libRestKitJSONParserSBJSON.a;
			remoteRef = D9334F0C1439296400400F82 /* PBXContainerItemProxy */;
			sourceTree = BUILT_PRODUCTS_DIR;
		};
		D9334F0F1439296400400F82 /* libRestKitJSONParserJSONKit.a */ = {
			isa = PBXReferenceProxy;
			fileType = archive.ar;
			path = libRestKitJSONParserJSONKit.a;
			remoteRef = D9334F0E1439296400400F82 /* PBXContainerItemProxy */;
			sourceTree = BUILT_PRODUCTS_DIR;
		};
		D9334F111439296400400F82 /* libRestKitXMLParserLibxml.a */ = {
			isa = PBXReferenceProxy;
			fileType = archive.ar;
			path = libRestKitXMLParserLibxml.a;
			remoteRef = D9334F101439296400400F82 /* PBXContainerItemProxy */;
			sourceTree = BUILT_PRODUCTS_DIR;
		};
		D9334F131439296400400F82 /* libRestKitCoreData.a */ = {
			isa = PBXReferenceProxy;
			fileType = archive.ar;
			path = libRestKitCoreData.a;
			remoteRef = D9334F121439296400400F82 /* PBXContainerItemProxy */;
			sourceTree = BUILT_PRODUCTS_DIR;
		};
		D9334F151439296400400F82 /* libRestKitThree20.a */ = {
			isa = PBXReferenceProxy;
			fileType = archive.ar;
			path = libRestKitThree20.a;
			remoteRef = D9334F141439296400400F82 /* PBXContainerItemProxy */;
			sourceTree = BUILT_PRODUCTS_DIR;
		};
		D9334F171439296400400F82 /* RestKitSpecs.app */ = {
			isa = PBXReferenceProxy;
			fileType = wrapper.application;
			path = RestKitSpecs.app;
			remoteRef = D9334F161439296400400F82 /* PBXContainerItemProxy */;
			sourceTree = BUILT_PRODUCTS_DIR;
		};
/* End PBXReferenceProxy section */

/* Begin PBXResourcesBuildPhase section */
		D93087E5143567BA00EFC33F /* Resources */ = {
			isa = PBXResourcesBuildPhase;
			buildActionMask = 2147483647;
			files = (
				D93087F6143567BA00EFC33F /* InfoPlist.strings in Resources */,
				D9308857143593FC00EFC33F /* MTAccountController.xib in Resources */,
				D93088601435955100EFC33F /* MTLocationTrackerController.xib in Resources */,
				D930886F1435980A00EFC33F /* MTDeviceViewController.xib in Resources */,
				D98D6D6414363F2A00B3B849 /* MTDeviceDetailViewController.xib in Resources */,
				D98D6D751436593D00B3B849 /* MTTripViewController.xib in Resources */,
				D98D6D7A14365AF500B3B849 /* MTTripDetailViewController.xib in Resources */,
				D9F28DBB144A558E0020B31E /* MTMapViewController.xib in Resources */,
			);
			runOnlyForDeploymentPostprocessing = 0;
		};
/* End PBXResourcesBuildPhase section */

/* Begin PBXSourcesBuildPhase section */
		D93087E3143567BA00EFC33F /* Sources */ = {
			isa = PBXSourcesBuildPhase;
			buildActionMask = 2147483647;
			files = (
				D93087F8143567BA00EFC33F /* main.m in Sources */,
				D93087FC143567BA00EFC33F /* MTAppDelegate.m in Sources */,
				D9308808143569B600EFC33F /* APIUtil.m in Sources */,
				D930881114356D3000EFC33F /* MTDevice.m in Sources */,
				D930881414356F5000EFC33F /* MTTrip.m in Sources */,
				D93088211435703C00EFC33F /* MTAPIObject.m in Sources */,
				D9308840143571AD00EFC33F /* ASIAuthenticationDialog.m in Sources */,
				D9308841143571AD00EFC33F /* ASIDataCompressor.m in Sources */,
				D9308842143571AD00EFC33F /* ASIDataDecompressor.m in Sources */,
				D9308843143571AD00EFC33F /* ASIDownloadCache.m in Sources */,
				D9308844143571AD00EFC33F /* ASIFormDataRequest.m in Sources */,
				D9308845143571AD00EFC33F /* ASIHTTPRequest.m in Sources */,
				D9308846143571AD00EFC33F /* ASIInputStream.m in Sources */,
				D9308847143571AD00EFC33F /* ASINetworkQueue.m in Sources */,
				D9308848143571AD00EFC33F /* Reachability.m in Sources */,
				D930884A143571AD00EFC33F /* MBProgressHUD.m in Sources */,
				D93088521435893A00EFC33F /* MTLocation.m in Sources */,
				D9308856143593FC00EFC33F /* MTAccountController.m in Sources */,
				D930885F1435955100EFC33F /* MTLocationTrackerController.m in Sources */,
				D930886E1435980A00EFC33F /* MTDeviceViewController.m in Sources */,
				D98D6D6314363F2A00B3B849 /* MTDeviceDetailViewController.m in Sources */,
				D98D6D681436430A00B3B849 /* MTObjectStore.m in Sources */,
				D98D6D741436593D00B3B849 /* MTTripViewController.m in Sources */,
				D98D6D7914365AF500B3B849 /* MTTripDetailViewController.m in Sources */,
				D9E84E4A143BB88C00D6EDA2 /* Model.xcdatamodeld in Sources */,
				D9E84E52143BC64200D6EDA2 /* MTObjectCache.m in Sources */,
				D9896B3F14463F49003EDAC7 /* LocationController.m in Sources */,
				D9F28DBA144A558E0020B31E /* MTMapViewController.m in Sources */,
			);
			runOnlyForDeploymentPostprocessing = 0;
		};
/* End PBXSourcesBuildPhase section */

/* Begin PBXTargetDependency section */
		D9334F1F14392B3E00400F82 /* PBXTargetDependency */ = {
			isa = PBXTargetDependency;
			name = RestKit;
			targetProxy = D9334F1E14392B3E00400F82 /* PBXContainerItemProxy */;
		};
/* End PBXTargetDependency section */

/* Begin PBXVariantGroup section */
		D93087F4143567BA00EFC33F /* InfoPlist.strings */ = {
			isa = PBXVariantGroup;
			children = (
				D93087F5143567BA00EFC33F /* en */,
			);
			name = InfoPlist.strings;
			sourceTree = "<group>";
		};
/* End PBXVariantGroup section */

/* Begin XCBuildConfiguration section */
		D93087FD143567BA00EFC33F /* Debug */ = {
			isa = XCBuildConfiguration;
			buildSettings = {
				ALWAYS_SEARCH_USER_PATHS = NO;
				ARCHS = "$(ARCHS_STANDARD_32_BIT)";
				"CODE_SIGN_IDENTITY[sdk=iphoneos*]" = "iPhone Developer";
				COPY_PHASE_STRIP = NO;
				GCC_C_LANGUAGE_STANDARD = gnu99;
				GCC_DYNAMIC_NO_PIC = NO;
				GCC_OPTIMIZATION_LEVEL = 0;
				GCC_PREPROCESSOR_DEFINITIONS = (
					"DEBUG=1",
					"$(inherited)",
				);
				GCC_SYMBOLS_PRIVATE_EXTERN = NO;
				GCC_VERSION = com.apple.compilers.llvm.clang.1_0;
				GCC_WARN_ABOUT_MISSING_PROTOTYPES = YES;
				GCC_WARN_ABOUT_RETURN_TYPE = YES;
				GCC_WARN_UNUSED_VARIABLE = YES;
				IPHONEOS_DEPLOYMENT_TARGET = 4.0;
				SDKROOT = iphoneos;
			};
			name = Debug;
		};
		D93087FE143567BA00EFC33F /* Release */ = {
			isa = XCBuildConfiguration;
			buildSettings = {
				ALWAYS_SEARCH_USER_PATHS = NO;
				ARCHS = "$(ARCHS_STANDARD_32_BIT)";
				"CODE_SIGN_IDENTITY[sdk=iphoneos*]" = "iPhone Developer";
				COPY_PHASE_STRIP = YES;
				GCC_C_LANGUAGE_STANDARD = gnu99;
				GCC_VERSION = com.apple.compilers.llvm.clang.1_0;
				GCC_WARN_ABOUT_MISSING_PROTOTYPES = YES;
				GCC_WARN_ABOUT_RETURN_TYPE = YES;
				GCC_WARN_UNUSED_VARIABLE = YES;
				IPHONEOS_DEPLOYMENT_TARGET = 4.0;
				OTHER_CFLAGS = "-DNS_BLOCK_ASSERTIONS=1";
				SDKROOT = iphoneos;
				VALIDATE_PRODUCT = YES;
			};
			name = Release;
		};
		D9308800143567BA00EFC33F /* Debug */ = {
			isa = XCBuildConfiguration;
			buildSettings = {
				ARCHS = (
					armv6,
					"$(ARCHS_STANDARD_32_BIT)",
				);
				FRAMEWORK_SEARCH_PATHS = "$(SOURCE_ROOT)/RestKit/Build";
				GCC_PRECOMPILE_PREFIX_HEADER = YES;
				GCC_PREFIX_HEADER = "mobilemileagetracker/mobilemileagetracker-Prefix.pch";
				HEADER_SEARCH_PATHS = (
					"$(SOURCE_ROOT)/RestKit/Vendor/JSONKit",
					"$(SOURCE_ROOT)/RestKit/Build",
				);
				INFOPLIST_FILE = "mobilemileagetracker/mobilemileagetracker-Info.plist";
				IPHONEOS_DEPLOYMENT_TARGET = 4.0;
				OTHER_LDFLAGS = (
					"-all_load",
					"-ObjC",
				);
				PRODUCT_NAME = "$(TARGET_NAME)";
				WRAPPER_EXTENSION = app;
			};
			name = Debug;
		};
		D9308801143567BA00EFC33F /* Release */ = {
			isa = XCBuildConfiguration;
			buildSettings = {
				ARCHS = (
					armv6,
					"$(ARCHS_STANDARD_32_BIT)",
				);
				FRAMEWORK_SEARCH_PATHS = "$(SOURCE_ROOT)/RestKit/Build";
				GCC_PRECOMPILE_PREFIX_HEADER = YES;
				GCC_PREFIX_HEADER = "mobilemileagetracker/mobilemileagetracker-Prefix.pch";
				HEADER_SEARCH_PATHS = (
					"$(SOURCE_ROOT)/RestKit/Vendor/JSONKit",
					"$(SOURCE_ROOT)/RestKit/Build",
				);
				INFOPLIST_FILE = "mobilemileagetracker/mobilemileagetracker-Info.plist";
				IPHONEOS_DEPLOYMENT_TARGET = 4.0;
				OTHER_LDFLAGS = (
					"-all_load",
					"-ObjC",
				);
				PRODUCT_NAME = "$(TARGET_NAME)";
				WRAPPER_EXTENSION = app;
			};
			name = Release;
		};
/* End XCBuildConfiguration section */

/* Begin XCConfigurationList section */
		D93087E1143567BA00EFC33F /* Build configuration list for PBXProject "mobilemileagetracker" */ = {
			isa = XCConfigurationList;
			buildConfigurations = (
				D93087FD143567BA00EFC33F /* Debug */,
				D93087FE143567BA00EFC33F /* Release */,
			);
			defaultConfigurationIsVisible = 0;
			defaultConfigurationName = Release;
		};
		D93087FF143567BA00EFC33F /* Build configuration list for PBXNativeTarget "mobilemileagetracker" */ = {
			isa = XCConfigurationList;
			buildConfigurations = (
				D9308800143567BA00EFC33F /* Debug */,
				D9308801143567BA00EFC33F /* Release */,
			);
			defaultConfigurationIsVisible = 0;
			defaultConfigurationName = Release;
		};
/* End XCConfigurationList section */

/* Begin XCVersionGroup section */
		D9E84E48143BB88B00D6EDA2 /* Model.xcdatamodeld */ = {
			isa = XCVersionGroup;
			children = (
				D9E84E49143BB88C00D6EDA2 /* Model.xcdatamodel */,
			);
			currentVersion = D9E84E49143BB88C00D6EDA2 /* Model.xcdatamodel */;
			path = Model.xcdatamodeld;
			sourceTree = "<group>";
			versionGroupType = wrapper.xcdatamodel;
		};
/* End XCVersionGroup section */
	};
	rootObject = D93087DE143567BA00EFC33F /* Project object */;
}
