// !$*UTF8*$!
{
	archiveVersion = 1;
	classes = {
	};
	objectVersion = 46;
	objects = {

/* Begin PBXBuildFile section */
		D93087EC143567BA00EFC33F /* UIKit.framework in Frameworks */ = {isa = PBXBuildFile; fileRef = D93087EB143567BA00EFC33F /* UIKit.framework */; };
		D93087EE143567BA00EFC33F /* Foundation.framework in Frameworks */ = {isa = PBXBuildFile; fileRef = D93087ED143567BA00EFC33F /* Foundation.framework */; };
		D93087F0143567BA00EFC33F /* CoreGraphics.framework in Frameworks */ = {isa = PBXBuildFile; fileRef = D93087EF143567BA00EFC33F /* CoreGraphics.framework */; };
		D93087F6143567BA00EFC33F /* InfoPlist.strings in Resources */ = {isa = PBXBuildFile; fileRef = D93087F4143567BA00EFC33F /* InfoPlist.strings */; };
		D93087F8143567BA00EFC33F /* main.m in Sources */ = {isa = PBXBuildFile; fileRef = D93087F7143567BA00EFC33F /* main.m */; };
		D93087FC143567BA00EFC33F /* MTAppDelegate.m in Sources */ = {isa = PBXBuildFile; fileRef = D93087FB143567BA00EFC33F /* MTAppDelegate.m */; };
		D9308808143569B600EFC33F /* APIUtil.m in Sources */ = {isa = PBXBuildFile; fileRef = D9308807143569B600EFC33F /* APIUtil.m */; };
/* End PBXBuildFile section */

/* Begin PBXFileReference section */
		D93087E7143567BA00EFC33F /* mobilemileagetracker.app */ = {isa = PBXFileReference; explicitFileType = wrapper.application; includeInIndex = 0; path = mobilemileagetracker.app; sourceTree = BUILT_PRODUCTS_DIR; };
		D93087EB143567BA00EFC33F /* UIKit.framework */ = {isa = PBXFileReference; lastKnownFileType = wrapper.framework; name = UIKit.framework; path = System/Library/Frameworks/UIKit.framework; sourceTree = SDKROOT; };
		D93087ED143567BA00EFC33F /* Foundation.framework */ = {isa = PBXFileReference; lastKnownFileType = wrapper.framework; name = Foundation.framework; path = System/Library/Frameworks/Foundation.framework; sourceTree = SDKROOT; };
		D93087EF143567BA00EFC33F /* CoreGraphics.framework */ = {isa = PBXFileReference; lastKnownFileType = wrapper.framework; name = CoreGraphics.framework; path = System/Library/Frameworks/CoreGraphics.framework; sourceTree = SDKROOT; };
		D93087F3143567BA00EFC33F /* mobilemileagetracker-Info.plist */ = {isa = PBXFileReference; lastKnownFileType = text.plist.xml; path = "mobilemileagetracker-Info.plist"; sourceTree = "<group>"; };
		D93087F5143567BA00EFC33F /* en */ = {isa = PBXFileReference; lastKnownFileType = text.plist.strings; name = en; path = en.lproj/InfoPlist.strings; sourceTree = "<group>"; };
		D93087F7143567BA00EFC33F /* main.m */ = {isa = PBXFileReference; lastKnownFileType = sourcecode.c.objc; path = main.m; sourceTree = "<group>"; };
		D93087F9143567BA00EFC33F /* mobilemileagetracker-Prefix.pch */ = {isa = PBXFileReference; lastKnownFileType = sourcecode.c.h; path = "mobilemileagetracker-Prefix.pch"; sourceTree = "<group>"; };
		D93087FA143567BA00EFC33F /* MTAppDelegate.h */ = {isa = PBXFileReference; lastKnownFileType = sourcecode.c.h; path = MTAppDelegate.h; sourceTree = "<group>"; };
		D93087FB143567BA00EFC33F /* MTAppDelegate.m */ = {isa = PBXFileReference; lastKnownFileType = sourcecode.c.objc; path = MTAppDelegate.m; sourceTree = "<group>"; };
		D9308806143569B600EFC33F /* APIUtil.h */ = {isa = PBXFileReference; fileEncoding = 4; lastKnownFileType = sourcecode.c.h; path = APIUtil.h; sourceTree = "<group>"; };
		D9308807143569B600EFC33F /* APIUtil.m */ = {isa = PBXFileReference; fileEncoding = 4; lastKnownFileType = sourcecode.c.objc; path = APIUtil.m; sourceTree = "<group>"; };
		D930880E14356C1A00EFC33F /* MTAPIObjectProtocol.h */ = {isa = PBXFileReference; fileEncoding = 4; lastKnownFileType = sourcecode.c.h; path = MTAPIObjectProtocol.h; sourceTree = "<group>"; };
/* End PBXFileReference section */

/* Begin PBXFrameworksBuildPhase section */
		D93087E4143567BA00EFC33F /* Frameworks */ = {
			isa = PBXFrameworksBuildPhase;
			buildActionMask = 2147483647;
			files = (
				D93087EC143567BA00EFC33F /* UIKit.framework in Frameworks */,
				D93087EE143567BA00EFC33F /* Foundation.framework in Frameworks */,
				D93087F0143567BA00EFC33F /* CoreGraphics.framework in Frameworks */,
			);
			runOnlyForDeploymentPostprocessing = 0;
		};
/* End PBXFrameworksBuildPhase section */

/* Begin PBXGroup section */
		D93087DC143567BA00EFC33F = {
			isa = PBXGroup;
			children = (
				D93087F1143567BA00EFC33F /* mobilemileagetracker */,
				D93087EA143567BA00EFC33F /* Frameworks */,
				D93087E8143567BA00EFC33F /* Products */,
			);
			sourceTree = "<group>";
		};
		D93087E8143567BA00EFC33F /* Products */ = {
			isa = PBXGroup;
			children = (
				D93087E7143567BA00EFC33F /* mobilemileagetracker.app */,
			);
			name = Products;
			sourceTree = "<group>";
		};
		D93087EA143567BA00EFC33F /* Frameworks */ = {
			isa = PBXGroup;
			children = (
				D93087EB143567BA00EFC33F /* UIKit.framework */,
				D93087ED143567BA00EFC33F /* Foundation.framework */,
				D93087EF143567BA00EFC33F /* CoreGraphics.framework */,
			);
			name = Frameworks;
			sourceTree = "<group>";
		};
		D93087F1143567BA00EFC33F /* mobilemileagetracker */ = {
			isa = PBXGroup;
			children = (
				D930880A143569BD00EFC33F /* API */,
				D93087FA143567BA00EFC33F /* MTAppDelegate.h */,
				D93087FB143567BA00EFC33F /* MTAppDelegate.m */,
				D93087F2143567BA00EFC33F /* Supporting Files */,
			);
			path = mobilemileagetracker;
			sourceTree = "<group>";
		};
		D93087F2143567BA00EFC33F /* Supporting Files */ = {
			isa = PBXGroup;
			children = (
				D93087F3143567BA00EFC33F /* mobilemileagetracker-Info.plist */,
				D93087F4143567BA00EFC33F /* InfoPlist.strings */,
				D93087F7143567BA00EFC33F /* main.m */,
				D93087F9143567BA00EFC33F /* mobilemileagetracker-Prefix.pch */,
			);
			name = "Supporting Files";
			sourceTree = "<group>";
		};
		D930880A143569BD00EFC33F /* API */ = {
			isa = PBXGroup;
			children = (
				D930880E14356C1A00EFC33F /* MTAPIObjectProtocol.h */,
				D9308806143569B600EFC33F /* APIUtil.h */,
				D9308807143569B600EFC33F /* APIUtil.m */,
			);
			name = API;
			sourceTree = "<group>";
		};
/* End PBXGroup section */

/* Begin PBXNativeTarget section */
		D93087E6143567BA00EFC33F /* mobilemileagetracker */ = {
			isa = PBXNativeTarget;
			buildConfigurationList = D93087FF143567BA00EFC33F /* Build configuration list for PBXNativeTarget "mobilemileagetracker" */;
			buildPhases = (
				D93087E3143567BA00EFC33F /* Sources */,
				D93087E4143567BA00EFC33F /* Frameworks */,
				D93087E5143567BA00EFC33F /* Resources */,
			);
			buildRules = (
			);
			dependencies = (
			);
			name = mobilemileagetracker;
			productName = mobilemileagetracker;
			productReference = D93087E7143567BA00EFC33F /* mobilemileagetracker.app */;
			productType = "com.apple.product-type.application";
		};
/* End PBXNativeTarget section */

/* Begin PBXProject section */
		D93087DE143567BA00EFC33F /* Project object */ = {
			isa = PBXProject;
			attributes = {
				LastUpgradeCheck = 0420;
			};
			buildConfigurationList = D93087E1143567BA00EFC33F /* Build configuration list for PBXProject "mobilemileagetracker" */;
			compatibilityVersion = "Xcode 3.2";
			developmentRegion = English;
			hasScannedForEncodings = 0;
			knownRegions = (
				en,
			);
			mainGroup = D93087DC143567BA00EFC33F;
			productRefGroup = D93087E8143567BA00EFC33F /* Products */;
			projectDirPath = "";
			projectRoot = "";
			targets = (
				D93087E6143567BA00EFC33F /* mobilemileagetracker */,
			);
		};
/* End PBXProject section */

/* Begin PBXResourcesBuildPhase section */
		D93087E5143567BA00EFC33F /* Resources */ = {
			isa = PBXResourcesBuildPhase;
			buildActionMask = 2147483647;
			files = (
				D93087F6143567BA00EFC33F /* InfoPlist.strings in Resources */,
			);
			runOnlyForDeploymentPostprocessing = 0;
		};
/* End PBXResourcesBuildPhase section */

/* Begin PBXSourcesBuildPhase section */
		D93087E3143567BA00EFC33F /* Sources */ = {
			isa = PBXSourcesBuildPhase;
			buildActionMask = 2147483647;
			files = (
				D93087F8143567BA00EFC33F /* main.m in Sources */,
				D93087FC143567BA00EFC33F /* MTAppDelegate.m in Sources */,
				D9308808143569B600EFC33F /* APIUtil.m in Sources */,
			);
			runOnlyForDeploymentPostprocessing = 0;
		};
/* End PBXSourcesBuildPhase section */

/* Begin PBXVariantGroup section */
		D93087F4143567BA00EFC33F /* InfoPlist.strings */ = {
			isa = PBXVariantGroup;
			children = (
				D93087F5143567BA00EFC33F /* en */,
			);
			name = InfoPlist.strings;
			sourceTree = "<group>";
		};
/* End PBXVariantGroup section */

/* Begin XCBuildConfiguration section */
		D93087FD143567BA00EFC33F /* Debug */ = {
			isa = XCBuildConfiguration;
			buildSettings = {
				ALWAYS_SEARCH_USER_PATHS = NO;
				ARCHS = "$(ARCHS_STANDARD_32_BIT)";
				"CODE_SIGN_IDENTITY[sdk=iphoneos*]" = "iPhone Developer";
				COPY_PHASE_STRIP = NO;
				GCC_C_LANGUAGE_STANDARD = gnu99;
				GCC_DYNAMIC_NO_PIC = NO;
				GCC_OPTIMIZATION_LEVEL = 0;
				GCC_PREPROCESSOR_DEFINITIONS = (
					"DEBUG=1",
					"$(inherited)",
				);
				GCC_SYMBOLS_PRIVATE_EXTERN = NO;
				GCC_VERSION = com.apple.compilers.llvm.clang.1_0;
				GCC_WARN_ABOUT_MISSING_PROTOTYPES = YES;
				GCC_WARN_ABOUT_RETURN_TYPE = YES;
				GCC_WARN_UNUSED_VARIABLE = YES;
				IPHONEOS_DEPLOYMENT_TARGET = 5.0;
				SDKROOT = iphoneos;
			};
			name = Debug;
		};
		D93087FE143567BA00EFC33F /* Release */ = {
			isa = XCBuildConfiguration;
			buildSettings = {
				ALWAYS_SEARCH_USER_PATHS = NO;
				ARCHS = "$(ARCHS_STANDARD_32_BIT)";
				"CODE_SIGN_IDENTITY[sdk=iphoneos*]" = "iPhone Developer";
				COPY_PHASE_STRIP = YES;
				GCC_C_LANGUAGE_STANDARD = gnu99;
				GCC_VERSION = com.apple.compilers.llvm.clang.1_0;
				GCC_WARN_ABOUT_MISSING_PROTOTYPES = YES;
				GCC_WARN_ABOUT_RETURN_TYPE = YES;
				GCC_WARN_UNUSED_VARIABLE = YES;
				IPHONEOS_DEPLOYMENT_TARGET = 5.0;
				OTHER_CFLAGS = "-DNS_BLOCK_ASSERTIONS=1";
				SDKROOT = iphoneos;
				VALIDATE_PRODUCT = YES;
			};
			name = Release;
		};
		D9308800143567BA00EFC33F /* Debug */ = {
			isa = XCBuildConfiguration;
			buildSettings = {
				GCC_PRECOMPILE_PREFIX_HEADER = YES;
				GCC_PREFIX_HEADER = "mobilemileagetracker/mobilemileagetracker-Prefix.pch";
				INFOPLIST_FILE = "mobilemileagetracker/mobilemileagetracker-Info.plist";
				PRODUCT_NAME = "$(TARGET_NAME)";
				WRAPPER_EXTENSION = app;
			};
			name = Debug;
		};
		D9308801143567BA00EFC33F /* Release */ = {
			isa = XCBuildConfiguration;
			buildSettings = {
				GCC_PRECOMPILE_PREFIX_HEADER = YES;
				GCC_PREFIX_HEADER = "mobilemileagetracker/mobilemileagetracker-Prefix.pch";
				INFOPLIST_FILE = "mobilemileagetracker/mobilemileagetracker-Info.plist";
				PRODUCT_NAME = "$(TARGET_NAME)";
				WRAPPER_EXTENSION = app;
			};
			name = Release;
		};
/* End XCBuildConfiguration section */

/* Begin XCConfigurationList section */
		D93087E1143567BA00EFC33F /* Build configuration list for PBXProject "mobilemileagetracker" */ = {
			isa = XCConfigurationList;
			buildConfigurations = (
				D93087FD143567BA00EFC33F /* Debug */,
				D93087FE143567BA00EFC33F /* Release */,
			);
			defaultConfigurationIsVisible = 0;
			defaultConfigurationName = Release;
		};
		D93087FF143567BA00EFC33F /* Build configuration list for PBXNativeTarget "mobilemileagetracker" */ = {
			isa = XCConfigurationList;
			buildConfigurations = (
				D9308800143567BA00EFC33F /* Debug */,
				D9308801143567BA00EFC33F /* Release */,
			);
			defaultConfigurationIsVisible = 0;
			defaultConfigurationName = Release;
		};
/* End XCConfigurationList section */
	};
	rootObject = D93087DE143567BA00EFC33F /* Project object */;
}
